// !$*UTF8*$!
{
	archiveVersion = 1;
	classes = {
	};
	objectVersion = 56;
	objects = {

/* Begin PBXBuildFile section */
		3A9335372B1121C2006B4916 /* Dragging_TextApp.swift in Sources */ = {isa = PBXBuildFile; fileRef = 3A9335362B1121C2006B4916 /* Dragging_TextApp.swift */; };
		3A9335392B1121C2006B4916 /* ContentView.swift in Sources */ = {isa = PBXBuildFile; fileRef = 3A9335382B1121C2006B4916 /* ContentView.swift */; };
		3A93353B2B1121C3006B4916 /* Assets.xcassets in Resources */ = {isa = PBXBuildFile; fileRef = 3A93353A2B1121C3006B4916 /* Assets.xcassets */; };
		3A93353E2B1121C3006B4916 /* Preview Assets.xcassets in Resources */ = {isa = PBXBuildFile; fileRef = 3A93353D2B1121C3006B4916 /* Preview Assets.xcassets */; };
		3A9335482B112574006B4916 /* Home.swift in Sources */ = {isa = PBXBuildFile; fileRef = 3A9335472B112574006B4916 /* Home.swift */; };
		3A93354A2B11268C006B4916 /* Canvas.swift in Sources */ = {isa = PBXBuildFile; fileRef = 3A9335492B11268C006B4916 /* Canvas.swift */; };
		3A93354C2B112697006B4916 /* CanvasViewModel.swift in Sources */ = {isa = PBXBuildFile; fileRef = 3A93354B2B112697006B4916 /* CanvasViewModel.swift */; };
		3A93354E2B11272F006B4916 /* StackItem.swift in Sources */ = {isa = PBXBuildFile; fileRef = 3A93354D2B11272F006B4916 /* StackItem.swift */; };
		3A9335522B112BEB006B4916 /* ImagePicker.swift in Sources */ = {isa = PBXBuildFile; fileRef = 3A9335512B112BEB006B4916 /* ImagePicker.swift */; };
/* End PBXBuildFile section */

/* Begin PBXFileReference section */
		3A9335332B1121C2006B4916 /* Dragging Text.app */ = {isa = PBXFileReference; explicitFileType = wrapper.application; includeInIndex = 0; path = "Dragging Text.app"; sourceTree = BUILT_PRODUCTS_DIR; };
		3A9335362B1121C2006B4916 /* Dragging_TextApp.swift */ = {isa = PBXFileReference; lastKnownFileType = sourcecode.swift; path = Dragging_TextApp.swift; sourceTree = "<group>"; };
		3A9335382B1121C2006B4916 /* ContentView.swift */ = {isa = PBXFileReference; lastKnownFileType = sourcecode.swift; path = ContentView.swift; sourceTree = "<group>"; };
		3A93353A2B1121C3006B4916 /* Assets.xcassets */ = {isa = PBXFileReference; lastKnownFileType = folder.assetcatalog; path = Assets.xcassets; sourceTree = "<group>"; };
		3A93353D2B1121C3006B4916 /* Preview Assets.xcassets */ = {isa = PBXFileReference; lastKnownFileType = folder.assetcatalog; path = "Preview Assets.xcassets"; sourceTree = "<group>"; };
		3A9335472B112574006B4916 /* Home.swift */ = {isa = PBXFileReference; lastKnownFileType = sourcecode.swift; path = Home.swift; sourceTree = "<group>"; };
		3A9335492B11268C006B4916 /* Canvas.swift */ = {isa = PBXFileReference; lastKnownFileType = sourcecode.swift; path = Canvas.swift; sourceTree = "<group>"; };
		3A93354B2B112697006B4916 /* CanvasViewModel.swift */ = {isa = PBXFileReference; lastKnownFileType = sourcecode.swift; path = CanvasViewModel.swift; sourceTree = "<group>"; };
		3A93354D2B11272F006B4916 /* StackItem.swift */ = {isa = PBXFileReference; lastKnownFileType = sourcecode.swift; path = StackItem.swift; sourceTree = "<group>"; };
		3A9335512B112BEB006B4916 /* ImagePicker.swift */ = {isa = PBXFileReference; lastKnownFileType = sourcecode.swift; path = ImagePicker.swift; sourceTree = "<group>"; };
/* End PBXFileReference section */

/* Begin PBXFrameworksBuildPhase section */
		3A9335302B1121C2006B4916 /* Frameworks */ = {
			isa = PBXFrameworksBuildPhase;
			buildActionMask = 2147483647;
			files = (
			);
			runOnlyForDeploymentPostprocessing = 0;
		};
/* End PBXFrameworksBuildPhase section */

/* Begin PBXGroup section */
		3A93352A2B1121C2006B4916 = {
			isa = PBXGroup;
			children = (
				3A9335352B1121C2006B4916 /* Dragging Text */,
				3A9335342B1121C2006B4916 /* Products */,
			);
			sourceTree = "<group>";
		};
		3A9335342B1121C2006B4916 /* Products */ = {
			isa = PBXGroup;
			children = (
				3A9335332B1121C2006B4916 /* Dragging Text.app */,
			);
			name = Products;
			sourceTree = "<group>";
		};
		3A9335352B1121C2006B4916 /* Dragging Text */ = {
			isa = PBXGroup;
			children = (
				3A9335462B112568006B4916 /* ViewModel */,
				3A9335452B11255B006B4916 /* Model */,
				3A9335442B112551006B4916 /* View */,
				3A9335362B1121C2006B4916 /* Dragging_TextApp.swift */,
				3A9335382B1121C2006B4916 /* ContentView.swift */,
				3A93353A2B1121C3006B4916 /* Assets.xcassets */,
				3A93353C2B1121C3006B4916 /* Preview Content */,
			);
			path = "Dragging Text";
			sourceTree = "<group>";
		};
		3A93353C2B1121C3006B4916 /* Preview Content */ = {
			isa = PBXGroup;
			children = (
				3A93353D2B1121C3006B4916 /* Preview Assets.xcassets */,
			);
			path = "Preview Content";
			sourceTree = "<group>";
		};
		3A9335442B112551006B4916 /* View */ = {
			isa = PBXGroup;
			children = (
				3A9335472B112574006B4916 /* Home.swift */,
				3A9335492B11268C006B4916 /* Canvas.swift */,
				3A9335512B112BEB006B4916 /* ImagePicker.swift */,
			);
			path = View;
			sourceTree = "<group>";
		};
		3A9335452B11255B006B4916 /* Model */ = {
			isa = PBXGroup;
			children = (
				3A93354D2B11272F006B4916 /* StackItem.swift */,
			);
			path = Model;
			sourceTree = "<group>";
		};
		3A9335462B112568006B4916 /* ViewModel */ = {
			isa = PBXGroup;
			children = (
				3A93354B2B112697006B4916 /* CanvasViewModel.swift */,
			);
			path = ViewModel;
			sourceTree = "<group>";
		};
/* End PBXGroup section */

/* Begin PBXNativeTarget section */
		3A9335322B1121C2006B4916 /* Dragging Text */ = {
			isa = PBXNativeTarget;
			buildConfigurationList = 3A9335412B1121C3006B4916 /* Build configuration list for PBXNativeTarget "Dragging Text" */;
			buildPhases = (
				3A93352F2B1121C2006B4916 /* Sources */,
				3A9335302B1121C2006B4916 /* Frameworks */,
				3A9335312B1121C2006B4916 /* Resources */,
			);
			buildRules = (
			);
			dependencies = (
			);
			name = "Dragging Text";
			productName = "Dragging Text";
			productReference = 3A9335332B1121C2006B4916 /* Dragging Text.app */;
			productType = "com.apple.product-type.application";
		};
/* End PBXNativeTarget section */

/* Begin PBXProject section */
		3A93352B2B1121C2006B4916 /* Project object */ = {
			isa = PBXProject;
			attributes = {
				BuildIndependentTargetsInParallel = 1;
				LastSwiftUpdateCheck = 1500;
				LastUpgradeCheck = 1500;
				TargetAttributes = {
					3A9335322B1121C2006B4916 = {
						CreatedOnToolsVersion = 15.0;
					};
				};
			};
			buildConfigurationList = 3A93352E2B1121C2006B4916 /* Build configuration list for PBXProject "Dragging Text" */;
			compatibilityVersion = "Xcode 14.0";
			developmentRegion = en;
			hasScannedForEncodings = 0;
			knownRegions = (
				en,
				Base,
			);
			mainGroup = 3A93352A2B1121C2006B4916;
			productRefGroup = 3A9335342B1121C2006B4916 /* Products */;
			projectDirPath = "";
			projectRoot = "";
			targets = (
				3A9335322B1121C2006B4916 /* Dragging Text */,
			);
		};
/* End PBXProject section */

/* Begin PBXResourcesBuildPhase section */
		3A9335312B1121C2006B4916 /* Resources */ = {
			isa = PBXResourcesBuildPhase;
			buildActionMask = 2147483647;
			files = (
				3A93353E2B1121C3006B4916 /* Preview Assets.xcassets in Resources */,
				3A93353B2B1121C3006B4916 /* Assets.xcassets in Resources */,
			);
			runOnlyForDeploymentPostprocessing = 0;
		};
/* End PBXResourcesBuildPhase section */

/* Begin PBXSourcesBuildPhase section */
		3A93352F2B1121C2006B4916 /* Sources */ = {
			isa = PBXSourcesBuildPhase;
			buildActionMask = 2147483647;
			files = (
				3A93354C2B112697006B4916 /* CanvasViewModel.swift in Sources */,
				3A93354E2B11272F006B4916 /* StackItem.swift in Sources */,
				3A9335392B1121C2006B4916 /* ContentView.swift in Sources */,
				3A9335522B112BEB006B4916 /* ImagePicker.swift in Sources */,
				3A9335482B112574006B4916 /* Home.swift in Sources */,
				3A9335372B1121C2006B4916 /* Dragging_TextApp.swift in Sources */,
				3A93354A2B11268C006B4916 /* Canvas.swift in Sources */,
			);
			runOnlyForDeploymentPostprocessing = 0;
		};
/* End PBXSourcesBuildPhase section */

/* Begin XCBuildConfiguration section */
		3A93353F2B1121C3006B4916 /* Debug */ = {
			isa = XCBuildConfiguration;
			buildSettings = {
				ALWAYS_SEARCH_USER_PATHS = NO;
				ASSETCATALOG_COMPILER_GENERATE_SWIFT_ASSET_SYMBOL_EXTENSIONS = YES;
				CLANG_ANALYZER_NONNULL = YES;
				CLANG_ANALYZER_NUMBER_OBJECT_CONVERSION = YES_AGGRESSIVE;
				CLANG_CXX_LANGUAGE_STANDARD = "gnu++20";
				CLANG_ENABLE_MODULES = YES;
				CLANG_ENABLE_OBJC_ARC = YES;
				CLANG_ENABLE_OBJC_WEAK = YES;
				CLANG_WARN_BLOCK_CAPTURE_AUTORELEASING = YES;
				CLANG_WARN_BOOL_CONVERSION = YES;
				CLANG_WARN_COMMA = YES;
				CLANG_WARN_CONSTANT_CONVERSION = YES;
				CLANG_WARN_DEPRECATED_OBJC_IMPLEMENTATIONS = YES;
				CLANG_WARN_DIRECT_OBJC_ISA_USAGE = YES_ERROR;
				CLANG_WARN_DOCUMENTATION_COMMENTS = YES;
				CLANG_WARN_EMPTY_BODY = YES;
				CLANG_WARN_ENUM_CONVERSION = YES;
				CLANG_WARN_INFINITE_RECURSION = YES;
				CLANG_WARN_INT_CONVERSION = YES;
				CLANG_WARN_NON_LITERAL_NULL_CONVERSION = YES;
				CLANG_WARN_OBJC_IMPLICIT_RETAIN_SELF = YES;
				CLANG_WARN_OBJC_LITERAL_CONVERSION = YES;
				CLANG_WARN_OBJC_ROOT_CLASS = YES_ERROR;
				CLANG_WARN_QUOTED_INCLUDE_IN_FRAMEWORK_HEADER = YES;
				CLANG_WARN_RANGE_LOOP_ANALYSIS = YES;
				CLANG_WARN_STRICT_PROTOTYPES = YES;
				CLANG_WARN_SUSPICIOUS_MOVE = YES;
				CLANG_WARN_UNGUARDED_AVAILABILITY = YES_AGGRESSIVE;
				CLANG_WARN_UNREACHABLE_CODE = YES;
				CLANG_WARN__DUPLICATE_METHOD_MATCH = YES;
				COPY_PHASE_STRIP = NO;
				DEBUG_INFORMATION_FORMAT = dwarf;
				ENABLE_STRICT_OBJC_MSGSEND = YES;
				ENABLE_TESTABILITY = YES;
				ENABLE_USER_SCRIPT_SANDBOXING = YES;
				GCC_C_LANGUAGE_STANDARD = gnu17;
				GCC_DYNAMIC_NO_PIC = NO;
				GCC_NO_COMMON_BLOCKS = YES;
				GCC_OPTIMIZATION_LEVEL = 0;
				GCC_PREPROCESSOR_DEFINITIONS = (
					"DEBUG=1",
					"$(inherited)",
				);
				GCC_WARN_64_TO_32_BIT_CONVERSION = YES;
				GCC_WARN_ABOUT_RETURN_TYPE = YES_ERROR;
				GCC_WARN_UNDECLARED_SELECTOR = YES;
				GCC_WARN_UNINITIALIZED_AUTOS = YES_AGGRESSIVE;
				GCC_WARN_UNUSED_FUNCTION = YES;
				GCC_WARN_UNUSED_VARIABLE = YES;
				IPHONEOS_DEPLOYMENT_TARGET = 17.0;
				LOCALIZATION_PREFERS_STRING_CATALOGS = YES;
				MTL_ENABLE_DEBUG_INFO = INCLUDE_SOURCE;
				MTL_FAST_MATH = YES;
				ONLY_ACTIVE_ARCH = YES;
				SDKROOT = iphoneos;
				SWIFT_ACTIVE_COMPILATION_CONDITIONS = "DEBUG $(inherited)";
				SWIFT_OPTIMIZATION_LEVEL = "-Onone";
			};
			name = Debug;
		};
		3A9335402B1121C3006B4916 /* Release */ = {
			isa = XCBuildConfiguration;
			buildSettings = {
				ALWAYS_SEARCH_USER_PATHS = NO;
				ASSETCATALOG_COMPILER_GENERATE_SWIFT_ASSET_SYMBOL_EXTENSIONS = YES;
				CLANG_ANALYZER_NONNULL = YES;
				CLANG_ANALYZER_NUMBER_OBJECT_CONVERSION = YES_AGGRESSIVE;
				CLANG_CXX_LANGUAGE_STANDARD = "gnu++20";
				CLANG_ENABLE_MODULES = YES;
				CLANG_ENABLE_OBJC_ARC = YES;
				CLANG_ENABLE_OBJC_WEAK = YES;
				CLANG_WARN_BLOCK_CAPTURE_AUTORELEASING = YES;
				CLANG_WARN_BOOL_CONVERSION = YES;
				CLANG_WARN_COMMA = YES;
				CLANG_WARN_CONSTANT_CONVERSION = YES;
				CLANG_WARN_DEPRECATED_OBJC_IMPLEMENTATIONS = YES;
				CLANG_WARN_DIRECT_OBJC_ISA_USAGE = YES_ERROR;
				CLANG_WARN_DOCUMENTATION_COMMENTS = YES;
				CLANG_WARN_EMPTY_BODY = YES;
				CLANG_WARN_ENUM_CONVERSION = YES;
				CLANG_WARN_INFINITE_RECURSION = YES;
				CLANG_WARN_INT_CONVERSION = YES;
				CLANG_WARN_NON_LITERAL_NULL_CONVERSION = YES;
				CLANG_WARN_OBJC_IMPLICIT_RETAIN_SELF = YES;
				CLANG_WARN_OBJC_LITERAL_CONVERSION = YES;
				CLANG_WARN_OBJC_ROOT_CLASS = YES_ERROR;
				CLANG_WARN_QUOTED_INCLUDE_IN_FRAMEWORK_HEADER = YES;
				CLANG_WARN_RANGE_LOOP_ANALYSIS = YES;
				CLANG_WARN_STRICT_PROTOTYPES = YES;
				CLANG_WARN_SUSPICIOUS_MOVE = YES;
				CLANG_WARN_UNGUARDED_AVAILABILITY = YES_AGGRESSIVE;
				CLANG_WARN_UNREACHABLE_CODE = YES;
				CLANG_WARN__DUPLICATE_METHOD_MATCH = YES;
				COPY_PHASE_STRIP = NO;
				DEBUG_INFORMATION_FORMAT = "dwarf-with-dsym";
				ENABLE_NS_ASSERTIONS = NO;
				ENABLE_STRICT_OBJC_MSGSEND = YES;
				ENABLE_USER_SCRIPT_SANDBOXING = YES;
				GCC_C_LANGUAGE_STANDARD = gnu17;
				GCC_NO_COMMON_BLOCKS = YES;
				GCC_WARN_64_TO_32_BIT_CONVERSION = YES;
				GCC_WARN_ABOUT_RETURN_TYPE = YES_ERROR;
				GCC_WARN_UNDECLARED_SELECTOR = YES;
				GCC_WARN_UNINITIALIZED_AUTOS = YES_AGGRESSIVE;
				GCC_WARN_UNUSED_FUNCTION = YES;
				GCC_WARN_UNUSED_VARIABLE = YES;
				IPHONEOS_DEPLOYMENT_TARGET = 17.0;
				LOCALIZATION_PREFERS_STRING_CATALOGS = YES;
				MTL_ENABLE_DEBUG_INFO = NO;
				MTL_FAST_MATH = YES;
				SDKROOT = iphoneos;
				SWIFT_COMPILATION_MODE = wholemodule;
				VALIDATE_PRODUCT = YES;
			};
			name = Release;
		};
		3A9335422B1121C3006B4916 /* Debug */ = {
			isa = XCBuildConfiguration;
			buildSettings = {
				ASSETCATALOG_COMPILER_APPICON_NAME = AppIcon;
				ASSETCATALOG_COMPILER_GLOBAL_ACCENT_COLOR_NAME = AccentColor;
				CODE_SIGN_STYLE = Automatic;
				CURRENT_PROJECT_VERSION = 1;
				DEVELOPMENT_ASSET_PATHS = "\"Dragging Text/Preview Content\"";
				DEVELOPMENT_TEAM = 3M744A37XM;
				ENABLE_PREVIEWS = YES;
				GENERATE_INFOPLIST_FILE = YES;
				INFOPLIST_KEY_UIApplicationSceneManifest_Generation = YES;
				INFOPLIST_KEY_UIApplicationSupportsIndirectInputEvents = YES;
				INFOPLIST_KEY_UILaunchScreen_Generation = YES;
				INFOPLIST_KEY_UISupportedInterfaceOrientations_iPad = "UIInterfaceOrientationPortrait UIInterfaceOrientationPortraitUpsideDown UIInterfaceOrientationLandscapeLeft UIInterfaceOrientationLandscapeRight";
				INFOPLIST_KEY_UISupportedInterfaceOrientations_iPhone = "UIInterfaceOrientationPortrait UIInterfaceOrientationLandscapeLeft UIInterfaceOrientationLandscapeRight";
				LD_RUNPATH_SEARCH_PATHS = (
					"$(inherited)",
					"@executable_path/Frameworks",
				);
				MARKETING_VERSION = 1.0;
				PRODUCT_BUNDLE_IDENTIFIER = "arb837.Dragging-Text";
				PRODUCT_NAME = "$(TARGET_NAME)";
				SWIFT_EMIT_LOC_STRINGS = YES;
				SWIFT_VERSION = 5.0;
				TARGETED_DEVICE_FAMILY = "1,2";
			};
			name = Debug;
		};
		3A9335432B1121C3006B4916 /* Release */ = {
			isa = XCBuildConfiguration;
			buildSettings = {
				ASSETCATALOG_COMPILER_APPICON_NAME = AppIcon;
				ASSETCATALOG_COMPILER_GLOBAL_ACCENT_COLOR_NAME = AccentColor;
				CODE_SIGN_STYLE = Automatic;
				CURRENT_PROJECT_VERSION = 1;
				DEVELOPMENT_ASSET_PATHS = "\"Dragging Text/Preview Content\"";
				DEVELOPMENT_TEAM = 3M744A37XM;
				ENABLE_PREVIEWS = YES;
				GENERATE_INFOPLIST_FILE = YES;
				INFOPLIST_KEY_UIApplicationSceneManifest_Generation = YES;
				INFOPLIST_KEY_UIApplicationSupportsIndirectInputEvents = YES;
				INFOPLIST_KEY_UILaunchScreen_Generation = YES;
				INFOPLIST_KEY_UISupportedInterfaceOrientations_iPad = "UIInterfaceOrientationPortrait UIInterfaceOrientationPortraitUpsideDown UIInterfaceOrientationLandscapeLeft UIInterfaceOrientationLandscapeRight";
				INFOPLIST_KEY_UISupportedInterfaceOrientations_iPhone = "UIInterfaceOrientationPortrait UIInterfaceOrientationLandscapeLeft UIInterfaceOrientationLandscapeRight";
				LD_RUNPATH_SEARCH_PATHS = (
					"$(inherited)",
					"@executable_path/Frameworks",
				);
				MARKETING_VERSION = 1.0;
				PRODUCT_BUNDLE_IDENTIFIER = "arb837.Dragging-Text";
				PRODUCT_NAME = "$(TARGET_NAME)";
				SWIFT_EMIT_LOC_STRINGS = YES;
				SWIFT_VERSION = 5.0;
				TARGETED_DEVICE_FAMILY = "1,2";
			};
			name = Release;
		};
/* End XCBuildConfiguration section */

/* Begin XCConfigurationList section */
		3A93352E2B1121C2006B4916 /* Build configuration list for PBXProject "Dragging Text" */ = {
			isa = XCConfigurationList;
			buildConfigurations = (
				3A93353F2B1121C3006B4916 /* Debug */,
				3A9335402B1121C3006B4916 /* Release */,
			);
			defaultConfigurationIsVisible = 0;
			defaultConfigurationName = Release;
		};
		3A9335412B1121C3006B4916 /* Build configuration list for PBXNativeTarget "Dragging Text" */ = {
			isa = XCConfigurationList;
			buildConfigurations = (
				3A9335422B1121C3006B4916 /* Debug */,
				3A9335432B1121C3006B4916 /* Release */,
			);
			defaultConfigurationIsVisible = 0;
			defaultConfigurationName = Release;
		};
/* End XCConfigurationList section */
	};
	rootObject = 3A93352B2B1121C2006B4916 /* Project object */;
}
