// !$*UTF8*$!
{
	archiveVersion = 1;
	classes = {
	};
	objectVersion = 56;
	objects = {

/* Begin PBXBuildFile section */
		3A5A03C82AFC9EFA002E0A71 /* ChatAppDemoApp.swift in Sources */ = {isa = PBXBuildFile; fileRef = 3A5A03C72AFC9EFA002E0A71 /* ChatAppDemoApp.swift */; };
		3A5A03CA2AFC9EFA002E0A71 /* ContentView.swift in Sources */ = {isa = PBXBuildFile; fileRef = 3A5A03C92AFC9EFA002E0A71 /* ContentView.swift */; };
		3A5A03CC2AFC9EFB002E0A71 /* Assets.xcassets in Resources */ = {isa = PBXBuildFile; fileRef = 3A5A03CB2AFC9EFB002E0A71 /* Assets.xcassets */; };
		3A5A03CF2AFC9EFB002E0A71 /* Preview Assets.xcassets in Resources */ = {isa = PBXBuildFile; fileRef = 3A5A03CE2AFC9EFB002E0A71 /* Preview Assets.xcassets */; };
		3A5A03D72AFC9F9A002E0A71 /* TitleRow.swift in Sources */ = {isa = PBXBuildFile; fileRef = 3A5A03D62AFC9F9A002E0A71 /* TitleRow.swift */; };
		3A5A03DA2AFCA14B002E0A71 /* Message.swift in Sources */ = {isa = PBXBuildFile; fileRef = 3A5A03D92AFCA14B002E0A71 /* Message.swift */; };
		3A5A03DC2AFCA1A8002E0A71 /* MessageBubble.swift in Sources */ = {isa = PBXBuildFile; fileRef = 3A5A03DB2AFCA1A8002E0A71 /* MessageBubble.swift */; };
		3A5A03DE2AFCAB87002E0A71 /* Extensions.swift in Sources */ = {isa = PBXBuildFile; fileRef = 3A5A03DD2AFCAB87002E0A71 /* Extensions.swift */; };
		3A5A03E02AFCACD2002E0A71 /* MessageField.swift in Sources */ = {isa = PBXBuildFile; fileRef = 3A5A03DF2AFCACD2002E0A71 /* MessageField.swift */; };
		3A5A03E52AFCAF77002E0A71 /* FirebaseAnalytics in Frameworks */ = {isa = PBXBuildFile; productRef = 3A5A03E42AFCAF77002E0A71 /* FirebaseAnalytics */; };
		3A5A03E72AFCAF77002E0A71 /* FirebaseAnalyticsOnDeviceConversion in Frameworks */ = {isa = PBXBuildFile; productRef = 3A5A03E62AFCAF77002E0A71 /* FirebaseAnalyticsOnDeviceConversion */; };
		3A5A03E92AFCAF77002E0A71 /* FirebaseAnalyticsSwift in Frameworks */ = {isa = PBXBuildFile; productRef = 3A5A03E82AFCAF77002E0A71 /* FirebaseAnalyticsSwift */; };
		3A5A03EB2AFCAF77002E0A71 /* FirebaseAnalyticsWithoutAdIdSupport in Frameworks */ = {isa = PBXBuildFile; productRef = 3A5A03EA2AFCAF77002E0A71 /* FirebaseAnalyticsWithoutAdIdSupport */; };
		3A5A03ED2AFCAF77002E0A71 /* FirebaseAppCheck in Frameworks */ = {isa = PBXBuildFile; productRef = 3A5A03EC2AFCAF77002E0A71 /* FirebaseAppCheck */; };
		3A5A03EF2AFCAF77002E0A71 /* FirebaseAppDistribution-Beta in Frameworks */ = {isa = PBXBuildFile; productRef = 3A5A03EE2AFCAF77002E0A71 /* FirebaseAppDistribution-Beta */; };
		3A5A03F12AFCAF77002E0A71 /* FirebaseAuth in Frameworks */ = {isa = PBXBuildFile; productRef = 3A5A03F02AFCAF77002E0A71 /* FirebaseAuth */; };
		3A5A03F32AFCAF77002E0A71 /* FirebaseAuthCombine-Community in Frameworks */ = {isa = PBXBuildFile; productRef = 3A5A03F22AFCAF77002E0A71 /* FirebaseAuthCombine-Community */; };
		3A5A03F52AFCAF77002E0A71 /* FirebaseCrashlytics in Frameworks */ = {isa = PBXBuildFile; productRef = 3A5A03F42AFCAF77002E0A71 /* FirebaseCrashlytics */; };
		3A5A03F72AFCAF77002E0A71 /* FirebaseDatabase in Frameworks */ = {isa = PBXBuildFile; productRef = 3A5A03F62AFCAF77002E0A71 /* FirebaseDatabase */; };
		3A5A03F92AFCAF77002E0A71 /* FirebaseDatabaseSwift in Frameworks */ = {isa = PBXBuildFile; productRef = 3A5A03F82AFCAF77002E0A71 /* FirebaseDatabaseSwift */; };
		3A5A03FB2AFCAF77002E0A71 /* FirebaseDynamicLinks in Frameworks */ = {isa = PBXBuildFile; productRef = 3A5A03FA2AFCAF77002E0A71 /* FirebaseDynamicLinks */; };
		3A5A03FD2AFCAF77002E0A71 /* FirebaseFirestore in Frameworks */ = {isa = PBXBuildFile; productRef = 3A5A03FC2AFCAF77002E0A71 /* FirebaseFirestore */; };
		3A5A03FF2AFCAF77002E0A71 /* FirebaseFirestoreCombine-Community in Frameworks */ = {isa = PBXBuildFile; productRef = 3A5A03FE2AFCAF77002E0A71 /* FirebaseFirestoreCombine-Community */; };
		3A5A04012AFCAF77002E0A71 /* FirebaseFirestoreSwift in Frameworks */ = {isa = PBXBuildFile; productRef = 3A5A04002AFCAF77002E0A71 /* FirebaseFirestoreSwift */; };
		3A5A04032AFCAF77002E0A71 /* FirebaseFunctions in Frameworks */ = {isa = PBXBuildFile; productRef = 3A5A04022AFCAF77002E0A71 /* FirebaseFunctions */; };
		3A5A04052AFCAF77002E0A71 /* FirebaseFunctionsCombine-Community in Frameworks */ = {isa = PBXBuildFile; productRef = 3A5A04042AFCAF77002E0A71 /* FirebaseFunctionsCombine-Community */; };
		3A5A04072AFCAF77002E0A71 /* FirebaseInAppMessaging-Beta in Frameworks */ = {isa = PBXBuildFile; productRef = 3A5A04062AFCAF77002E0A71 /* FirebaseInAppMessaging-Beta */; };
		3A5A04092AFCAF77002E0A71 /* FirebaseInAppMessagingSwift-Beta in Frameworks */ = {isa = PBXBuildFile; productRef = 3A5A04082AFCAF77002E0A71 /* FirebaseInAppMessagingSwift-Beta */; };
		3A5A040B2AFCAF77002E0A71 /* FirebaseInstallations in Frameworks */ = {isa = PBXBuildFile; productRef = 3A5A040A2AFCAF77002E0A71 /* FirebaseInstallations */; };
		3A5A040D2AFCAF77002E0A71 /* FirebaseMLModelDownloader in Frameworks */ = {isa = PBXBuildFile; productRef = 3A5A040C2AFCAF77002E0A71 /* FirebaseMLModelDownloader */; };
		3A5A040F2AFCAF77002E0A71 /* FirebaseMessaging in Frameworks */ = {isa = PBXBuildFile; productRef = 3A5A040E2AFCAF77002E0A71 /* FirebaseMessaging */; };
		3A5A04112AFCAF77002E0A71 /* FirebasePerformance in Frameworks */ = {isa = PBXBuildFile; productRef = 3A5A04102AFCAF77002E0A71 /* FirebasePerformance */; };
		3A5A04132AFCAF77002E0A71 /* FirebaseRemoteConfig in Frameworks */ = {isa = PBXBuildFile; productRef = 3A5A04122AFCAF77002E0A71 /* FirebaseRemoteConfig */; };
		3A5A04152AFCAF77002E0A71 /* FirebaseRemoteConfigSwift in Frameworks */ = {isa = PBXBuildFile; productRef = 3A5A04142AFCAF77002E0A71 /* FirebaseRemoteConfigSwift */; };
		3A5A04172AFCAF77002E0A71 /* FirebaseStorage in Frameworks */ = {isa = PBXBuildFile; productRef = 3A5A04162AFCAF77002E0A71 /* FirebaseStorage */; };
		3A5A04192AFCAF77002E0A71 /* FirebaseStorageCombine-Community in Frameworks */ = {isa = PBXBuildFile; productRef = 3A5A04182AFCAF77002E0A71 /* FirebaseStorageCombine-Community */; };
		3A5A041B2AFCB2B8002E0A71 /* MessagesManager.swift in Sources */ = {isa = PBXBuildFile; fileRef = 3A5A041A2AFCB2B8002E0A71 /* MessagesManager.swift */; };
		3A5A041D2AFD2228002E0A71 /* GoogleService-Info.plist in Resources */ = {isa = PBXBuildFile; fileRef = 3A5A041C2AFD2228002E0A71 /* GoogleService-Info.plist */; };
/* End PBXBuildFile section */

/* Begin PBXFileReference section */
		3A5A03C42AFC9EFA002E0A71 /* ChatAppDemo.app */ = {isa = PBXFileReference; explicitFileType = wrapper.application; includeInIndex = 0; path = ChatAppDemo.app; sourceTree = BUILT_PRODUCTS_DIR; };
		3A5A03C72AFC9EFA002E0A71 /* ChatAppDemoApp.swift */ = {isa = PBXFileReference; lastKnownFileType = sourcecode.swift; path = ChatAppDemoApp.swift; sourceTree = "<group>"; };
		3A5A03C92AFC9EFA002E0A71 /* ContentView.swift */ = {isa = PBXFileReference; lastKnownFileType = sourcecode.swift; path = ContentView.swift; sourceTree = "<group>"; };
		3A5A03CB2AFC9EFB002E0A71 /* Assets.xcassets */ = {isa = PBXFileReference; lastKnownFileType = folder.assetcatalog; path = Assets.xcassets; sourceTree = "<group>"; };
		3A5A03CE2AFC9EFB002E0A71 /* Preview Assets.xcassets */ = {isa = PBXFileReference; lastKnownFileType = folder.assetcatalog; path = "Preview Assets.xcassets"; sourceTree = "<group>"; };
		3A5A03D62AFC9F9A002E0A71 /* TitleRow.swift */ = {isa = PBXFileReference; lastKnownFileType = sourcecode.swift; path = TitleRow.swift; sourceTree = "<group>"; };
		3A5A03D92AFCA14B002E0A71 /* Message.swift */ = {isa = PBXFileReference; lastKnownFileType = sourcecode.swift; path = Message.swift; sourceTree = "<group>"; };
		3A5A03DB2AFCA1A8002E0A71 /* MessageBubble.swift */ = {isa = PBXFileReference; lastKnownFileType = sourcecode.swift; path = MessageBubble.swift; sourceTree = "<group>"; };
		3A5A03DD2AFCAB87002E0A71 /* Extensions.swift */ = {isa = PBXFileReference; lastKnownFileType = sourcecode.swift; path = Extensions.swift; sourceTree = "<group>"; };
		3A5A03DF2AFCACD2002E0A71 /* MessageField.swift */ = {isa = PBXFileReference; lastKnownFileType = sourcecode.swift; path = MessageField.swift; sourceTree = "<group>"; };
		3A5A041A2AFCB2B8002E0A71 /* MessagesManager.swift */ = {isa = PBXFileReference; lastKnownFileType = sourcecode.swift; path = MessagesManager.swift; sourceTree = "<group>"; };
		3A5A041C2AFD2228002E0A71 /* GoogleService-Info.plist */ = {isa = PBXFileReference; fileEncoding = 4; lastKnownFileType = text.plist.xml; path = "GoogleService-Info.plist"; sourceTree = "<group>"; };
/* End PBXFileReference section */

/* Begin PBXFrameworksBuildPhase section */
		3A5A03C12AFC9EFA002E0A71 /* Frameworks */ = {
			isa = PBXFrameworksBuildPhase;
			buildActionMask = 2147483647;
			files = (
				3A5A03F72AFCAF77002E0A71 /* FirebaseDatabase in Frameworks */,
				3A5A04052AFCAF77002E0A71 /* FirebaseFunctionsCombine-Community in Frameworks */,
				3A5A03FD2AFCAF77002E0A71 /* FirebaseFirestore in Frameworks */,
				3A5A03E92AFCAF77002E0A71 /* FirebaseAnalyticsSwift in Frameworks */,
				3A5A03E52AFCAF77002E0A71 /* FirebaseAnalytics in Frameworks */,
				3A5A03E72AFCAF77002E0A71 /* FirebaseAnalyticsOnDeviceConversion in Frameworks */,
				3A5A040D2AFCAF77002E0A71 /* FirebaseMLModelDownloader in Frameworks */,
				3A5A04012AFCAF77002E0A71 /* FirebaseFirestoreSwift in Frameworks */,
				3A5A03ED2AFCAF77002E0A71 /* FirebaseAppCheck in Frameworks */,
				3A5A03EB2AFCAF77002E0A71 /* FirebaseAnalyticsWithoutAdIdSupport in Frameworks */,
				3A5A03F12AFCAF77002E0A71 /* FirebaseAuth in Frameworks */,
				3A5A03F52AFCAF77002E0A71 /* FirebaseCrashlytics in Frameworks */,
				3A5A04152AFCAF77002E0A71 /* FirebaseRemoteConfigSwift in Frameworks */,
				3A5A04072AFCAF77002E0A71 /* FirebaseInAppMessaging-Beta in Frameworks */,
				3A5A03F92AFCAF77002E0A71 /* FirebaseDatabaseSwift in Frameworks */,
				3A5A04032AFCAF77002E0A71 /* FirebaseFunctions in Frameworks */,
				3A5A04192AFCAF77002E0A71 /* FirebaseStorageCombine-Community in Frameworks */,
				3A5A04132AFCAF77002E0A71 /* FirebaseRemoteConfig in Frameworks */,
				3A5A03EF2AFCAF77002E0A71 /* FirebaseAppDistribution-Beta in Frameworks */,
				3A5A03F32AFCAF77002E0A71 /* FirebaseAuthCombine-Community in Frameworks */,
				3A5A04112AFCAF77002E0A71 /* FirebasePerformance in Frameworks */,
				3A5A04092AFCAF77002E0A71 /* FirebaseInAppMessagingSwift-Beta in Frameworks */,
				3A5A04172AFCAF77002E0A71 /* FirebaseStorage in Frameworks */,
				3A5A03FB2AFCAF77002E0A71 /* FirebaseDynamicLinks in Frameworks */,
				3A5A03FF2AFCAF77002E0A71 /* FirebaseFirestoreCombine-Community in Frameworks */,
				3A5A040F2AFCAF77002E0A71 /* FirebaseMessaging in Frameworks */,
				3A5A040B2AFCAF77002E0A71 /* FirebaseInstallations in Frameworks */,
			);
			runOnlyForDeploymentPostprocessing = 0;
		};
/* End PBXFrameworksBuildPhase section */

/* Begin PBXGroup section */
		3A5A03BB2AFC9EFA002E0A71 = {
			isa = PBXGroup;
			children = (
				3A5A03C62AFC9EFA002E0A71 /* ChatAppDemo */,
				3A5A03C52AFC9EFA002E0A71 /* Products */,
			);
			sourceTree = "<group>";
		};
		3A5A03C52AFC9EFA002E0A71 /* Products */ = {
			isa = PBXGroup;
			children = (
				3A5A03C42AFC9EFA002E0A71 /* ChatAppDemo.app */,
			);
			name = Products;
			sourceTree = "<group>";
		};
		3A5A03C62AFC9EFA002E0A71 /* ChatAppDemo */ = {
			isa = PBXGroup;
			children = (
				3A5A03C72AFC9EFA002E0A71 /* ChatAppDemoApp.swift */,
				3A5A03C92AFC9EFA002E0A71 /* ContentView.swift */,
				3A5A041C2AFD2228002E0A71 /* GoogleService-Info.plist */,
				3A5A03D82AFCA13C002E0A71 /* Models */,
				3A5A03D52AFC9F82002E0A71 /* Components */,
				3A5A03CB2AFC9EFB002E0A71 /* Assets.xcassets */,
				3A5A03CD2AFC9EFB002E0A71 /* Preview Content */,
				3A5A03DD2AFCAB87002E0A71 /* Extensions.swift */,
				3A5A041A2AFCB2B8002E0A71 /* MessagesManager.swift */,
			);
			path = ChatAppDemo;
			sourceTree = "<group>";
		};
		3A5A03CD2AFC9EFB002E0A71 /* Preview Content */ = {
			isa = PBXGroup;
			children = (
				3A5A03CE2AFC9EFB002E0A71 /* Preview Assets.xcassets */,
			);
			path = "Preview Content";
			sourceTree = "<group>";
		};
		3A5A03D52AFC9F82002E0A71 /* Components */ = {
			isa = PBXGroup;
			children = (
				3A5A03D62AFC9F9A002E0A71 /* TitleRow.swift */,
				3A5A03DB2AFCA1A8002E0A71 /* MessageBubble.swift */,
				3A5A03DF2AFCACD2002E0A71 /* MessageField.swift */,
			);
			path = Components;
			sourceTree = "<group>";
		};
		3A5A03D82AFCA13C002E0A71 /* Models */ = {
			isa = PBXGroup;
			children = (
				3A5A03D92AFCA14B002E0A71 /* Message.swift */,
			);
			path = Models;
			sourceTree = "<group>";
		};
/* End PBXGroup section */

/* Begin PBXNativeTarget section */
		3A5A03C32AFC9EFA002E0A71 /* ChatAppDemo */ = {
			isa = PBXNativeTarget;
			buildConfigurationList = 3A5A03D22AFC9EFB002E0A71 /* Build configuration list for PBXNativeTarget "ChatAppDemo" */;
			buildPhases = (
				3A5A03C02AFC9EFA002E0A71 /* Sources */,
				3A5A03C12AFC9EFA002E0A71 /* Frameworks */,
				3A5A03C22AFC9EFA002E0A71 /* Resources */,
			);
			buildRules = (
			);
			dependencies = (
			);
			name = ChatAppDemo;
			packageProductDependencies = (
				3A5A03E42AFCAF77002E0A71 /* FirebaseAnalytics */,
				3A5A03E62AFCAF77002E0A71 /* FirebaseAnalyticsOnDeviceConversion */,
				3A5A03E82AFCAF77002E0A71 /* FirebaseAnalyticsSwift */,
				3A5A03EA2AFCAF77002E0A71 /* FirebaseAnalyticsWithoutAdIdSupport */,
				3A5A03EC2AFCAF77002E0A71 /* FirebaseAppCheck */,
				3A5A03EE2AFCAF77002E0A71 /* FirebaseAppDistribution-Beta */,
				3A5A03F02AFCAF77002E0A71 /* FirebaseAuth */,
				3A5A03F22AFCAF77002E0A71 /* FirebaseAuthCombine-Community */,
				3A5A03F42AFCAF77002E0A71 /* FirebaseCrashlytics */,
				3A5A03F62AFCAF77002E0A71 /* FirebaseDatabase */,
				3A5A03F82AFCAF77002E0A71 /* FirebaseDatabaseSwift */,
				3A5A03FA2AFCAF77002E0A71 /* FirebaseDynamicLinks */,
				3A5A03FC2AFCAF77002E0A71 /* FirebaseFirestore */,
				3A5A03FE2AFCAF77002E0A71 /* FirebaseFirestoreCombine-Community */,
				3A5A04002AFCAF77002E0A71 /* FirebaseFirestoreSwift */,
				3A5A04022AFCAF77002E0A71 /* FirebaseFunctions */,
				3A5A04042AFCAF77002E0A71 /* FirebaseFunctionsCombine-Community */,
				3A5A04062AFCAF77002E0A71 /* FirebaseInAppMessaging-Beta */,
				3A5A04082AFCAF77002E0A71 /* FirebaseInAppMessagingSwift-Beta */,
				3A5A040A2AFCAF77002E0A71 /* FirebaseInstallations */,
				3A5A040C2AFCAF77002E0A71 /* FirebaseMLModelDownloader */,
				3A5A040E2AFCAF77002E0A71 /* FirebaseMessaging */,
				3A5A04102AFCAF77002E0A71 /* FirebasePerformance */,
				3A5A04122AFCAF77002E0A71 /* FirebaseRemoteConfig */,
				3A5A04142AFCAF77002E0A71 /* FirebaseRemoteConfigSwift */,
				3A5A04162AFCAF77002E0A71 /* FirebaseStorage */,
				3A5A04182AFCAF77002E0A71 /* FirebaseStorageCombine-Community */,
			);
			productName = ChatAppDemo;
			productReference = 3A5A03C42AFC9EFA002E0A71 /* ChatAppDemo.app */;
			productType = "com.apple.product-type.application";
		};
/* End PBXNativeTarget section */

/* Begin PBXProject section */
		3A5A03BC2AFC9EFA002E0A71 /* Project object */ = {
			isa = PBXProject;
			attributes = {
				BuildIndependentTargetsInParallel = 1;
				LastSwiftUpdateCheck = 1500;
				LastUpgradeCheck = 1500;
				TargetAttributes = {
					3A5A03C32AFC9EFA002E0A71 = {
						CreatedOnToolsVersion = 15.0;
					};
				};
			};
			buildConfigurationList = 3A5A03BF2AFC9EFA002E0A71 /* Build configuration list for PBXProject "ChatAppDemo" */;
			compatibilityVersion = "Xcode 14.0";
			developmentRegion = en;
			hasScannedForEncodings = 0;
			knownRegions = (
				en,
				Base,
			);
			mainGroup = 3A5A03BB2AFC9EFA002E0A71;
			packageReferences = (
				3A5A03E32AFCAF77002E0A71 /* XCRemoteSwiftPackageReference "firebase-ios-sdk" */,
			);
			productRefGroup = 3A5A03C52AFC9EFA002E0A71 /* Products */;
			projectDirPath = "";
			projectRoot = "";
			targets = (
				3A5A03C32AFC9EFA002E0A71 /* ChatAppDemo */,
			);
		};
/* End PBXProject section */

/* Begin PBXResourcesBuildPhase section */
		3A5A03C22AFC9EFA002E0A71 /* Resources */ = {
			isa = PBXResourcesBuildPhase;
			buildActionMask = 2147483647;
			files = (
				3A5A03CF2AFC9EFB002E0A71 /* Preview Assets.xcassets in Resources */,
				3A5A03CC2AFC9EFB002E0A71 /* Assets.xcassets in Resources */,
				3A5A041D2AFD2228002E0A71 /* GoogleService-Info.plist in Resources */,
			);
			runOnlyForDeploymentPostprocessing = 0;
		};
/* End PBXResourcesBuildPhase section */

/* Begin PBXSourcesBuildPhase section */
		3A5A03C02AFC9EFA002E0A71 /* Sources */ = {
			isa = PBXSourcesBuildPhase;
			buildActionMask = 2147483647;
			files = (
				3A5A03CA2AFC9EFA002E0A71 /* ContentView.swift in Sources */,
				3A5A03DE2AFCAB87002E0A71 /* Extensions.swift in Sources */,
				3A5A03DA2AFCA14B002E0A71 /* Message.swift in Sources */,
				3A5A041B2AFCB2B8002E0A71 /* MessagesManager.swift in Sources */,
				3A5A03E02AFCACD2002E0A71 /* MessageField.swift in Sources */,
				3A5A03DC2AFCA1A8002E0A71 /* MessageBubble.swift in Sources */,
				3A5A03C82AFC9EFA002E0A71 /* ChatAppDemoApp.swift in Sources */,
				3A5A03D72AFC9F9A002E0A71 /* TitleRow.swift in Sources */,
			);
			runOnlyForDeploymentPostprocessing = 0;
		};
/* End PBXSourcesBuildPhase section */

/* Begin XCBuildConfiguration section */
		3A5A03D02AFC9EFB002E0A71 /* Debug */ = {
			isa = XCBuildConfiguration;
			buildSettings = {
				ALWAYS_SEARCH_USER_PATHS = NO;
				ASSETCATALOG_COMPILER_GENERATE_SWIFT_ASSET_SYMBOL_EXTENSIONS = YES;
				CLANG_ANALYZER_NONNULL = YES;
				CLANG_ANALYZER_NUMBER_OBJECT_CONVERSION = YES_AGGRESSIVE;
				CLANG_CXX_LANGUAGE_STANDARD = "gnu++20";
				CLANG_ENABLE_MODULES = YES;
				CLANG_ENABLE_OBJC_ARC = YES;
				CLANG_ENABLE_OBJC_WEAK = YES;
				CLANG_WARN_BLOCK_CAPTURE_AUTORELEASING = YES;
				CLANG_WARN_BOOL_CONVERSION = YES;
				CLANG_WARN_COMMA = YES;
				CLANG_WARN_CONSTANT_CONVERSION = YES;
				CLANG_WARN_DEPRECATED_OBJC_IMPLEMENTATIONS = YES;
				CLANG_WARN_DIRECT_OBJC_ISA_USAGE = YES_ERROR;
				CLANG_WARN_DOCUMENTATION_COMMENTS = YES;
				CLANG_WARN_EMPTY_BODY = YES;
				CLANG_WARN_ENUM_CONVERSION = YES;
				CLANG_WARN_INFINITE_RECURSION = YES;
				CLANG_WARN_INT_CONVERSION = YES;
				CLANG_WARN_NON_LITERAL_NULL_CONVERSION = YES;
				CLANG_WARN_OBJC_IMPLICIT_RETAIN_SELF = YES;
				CLANG_WARN_OBJC_LITERAL_CONVERSION = YES;
				CLANG_WARN_OBJC_ROOT_CLASS = YES_ERROR;
				CLANG_WARN_QUOTED_INCLUDE_IN_FRAMEWORK_HEADER = YES;
				CLANG_WARN_RANGE_LOOP_ANALYSIS = YES;
				CLANG_WARN_STRICT_PROTOTYPES = YES;
				CLANG_WARN_SUSPICIOUS_MOVE = YES;
				CLANG_WARN_UNGUARDED_AVAILABILITY = YES_AGGRESSIVE;
				CLANG_WARN_UNREACHABLE_CODE = YES;
				CLANG_WARN__DUPLICATE_METHOD_MATCH = YES;
				COPY_PHASE_STRIP = NO;
				DEBUG_INFORMATION_FORMAT = dwarf;
				ENABLE_STRICT_OBJC_MSGSEND = YES;
				ENABLE_TESTABILITY = YES;
				ENABLE_USER_SCRIPT_SANDBOXING = YES;
				GCC_C_LANGUAGE_STANDARD = gnu17;
				GCC_DYNAMIC_NO_PIC = NO;
				GCC_NO_COMMON_BLOCKS = YES;
				GCC_OPTIMIZATION_LEVEL = 0;
				GCC_PREPROCESSOR_DEFINITIONS = (
					"DEBUG=1",
					"$(inherited)",
				);
				GCC_WARN_64_TO_32_BIT_CONVERSION = YES;
				GCC_WARN_ABOUT_RETURN_TYPE = YES_ERROR;
				GCC_WARN_UNDECLARED_SELECTOR = YES;
				GCC_WARN_UNINITIALIZED_AUTOS = YES_AGGRESSIVE;
				GCC_WARN_UNUSED_FUNCTION = YES;
				GCC_WARN_UNUSED_VARIABLE = YES;
				IPHONEOS_DEPLOYMENT_TARGET = 17.0;
				LOCALIZATION_PREFERS_STRING_CATALOGS = YES;
				MTL_ENABLE_DEBUG_INFO = INCLUDE_SOURCE;
				MTL_FAST_MATH = YES;
				ONLY_ACTIVE_ARCH = YES;
				SDKROOT = iphoneos;
				SWIFT_ACTIVE_COMPILATION_CONDITIONS = "DEBUG $(inherited)";
				SWIFT_OPTIMIZATION_LEVEL = "-Onone";
			};
			name = Debug;
		};
		3A5A03D12AFC9EFB002E0A71 /* Release */ = {
			isa = XCBuildConfiguration;
			buildSettings = {
				ALWAYS_SEARCH_USER_PATHS = NO;
				ASSETCATALOG_COMPILER_GENERATE_SWIFT_ASSET_SYMBOL_EXTENSIONS = YES;
				CLANG_ANALYZER_NONNULL = YES;
				CLANG_ANALYZER_NUMBER_OBJECT_CONVERSION = YES_AGGRESSIVE;
				CLANG_CXX_LANGUAGE_STANDARD = "gnu++20";
				CLANG_ENABLE_MODULES = YES;
				CLANG_ENABLE_OBJC_ARC = YES;
				CLANG_ENABLE_OBJC_WEAK = YES;
				CLANG_WARN_BLOCK_CAPTURE_AUTORELEASING = YES;
				CLANG_WARN_BOOL_CONVERSION = YES;
				CLANG_WARN_COMMA = YES;
				CLANG_WARN_CONSTANT_CONVERSION = YES;
				CLANG_WARN_DEPRECATED_OBJC_IMPLEMENTATIONS = YES;
				CLANG_WARN_DIRECT_OBJC_ISA_USAGE = YES_ERROR;
				CLANG_WARN_DOCUMENTATION_COMMENTS = YES;
				CLANG_WARN_EMPTY_BODY = YES;
				CLANG_WARN_ENUM_CONVERSION = YES;
				CLANG_WARN_INFINITE_RECURSION = YES;
				CLANG_WARN_INT_CONVERSION = YES;
				CLANG_WARN_NON_LITERAL_NULL_CONVERSION = YES;
				CLANG_WARN_OBJC_IMPLICIT_RETAIN_SELF = YES;
				CLANG_WARN_OBJC_LITERAL_CONVERSION = YES;
				CLANG_WARN_OBJC_ROOT_CLASS = YES_ERROR;
				CLANG_WARN_QUOTED_INCLUDE_IN_FRAMEWORK_HEADER = YES;
				CLANG_WARN_RANGE_LOOP_ANALYSIS = YES;
				CLANG_WARN_STRICT_PROTOTYPES = YES;
				CLANG_WARN_SUSPICIOUS_MOVE = YES;
				CLANG_WARN_UNGUARDED_AVAILABILITY = YES_AGGRESSIVE;
				CLANG_WARN_UNREACHABLE_CODE = YES;
				CLANG_WARN__DUPLICATE_METHOD_MATCH = YES;
				COPY_PHASE_STRIP = NO;
				DEBUG_INFORMATION_FORMAT = "dwarf-with-dsym";
				ENABLE_NS_ASSERTIONS = NO;
				ENABLE_STRICT_OBJC_MSGSEND = YES;
				ENABLE_USER_SCRIPT_SANDBOXING = YES;
				GCC_C_LANGUAGE_STANDARD = gnu17;
				GCC_NO_COMMON_BLOCKS = YES;
				GCC_WARN_64_TO_32_BIT_CONVERSION = YES;
				GCC_WARN_ABOUT_RETURN_TYPE = YES_ERROR;
				GCC_WARN_UNDECLARED_SELECTOR = YES;
				GCC_WARN_UNINITIALIZED_AUTOS = YES_AGGRESSIVE;
				GCC_WARN_UNUSED_FUNCTION = YES;
				GCC_WARN_UNUSED_VARIABLE = YES;
				IPHONEOS_DEPLOYMENT_TARGET = 17.0;
				LOCALIZATION_PREFERS_STRING_CATALOGS = YES;
				MTL_ENABLE_DEBUG_INFO = NO;
				MTL_FAST_MATH = YES;
				SDKROOT = iphoneos;
				SWIFT_COMPILATION_MODE = wholemodule;
				VALIDATE_PRODUCT = YES;
			};
			name = Release;
		};
		3A5A03D32AFC9EFB002E0A71 /* Debug */ = {
			isa = XCBuildConfiguration;
			buildSettings = {
				ASSETCATALOG_COMPILER_APPICON_NAME = AppIcon;
				ASSETCATALOG_COMPILER_GLOBAL_ACCENT_COLOR_NAME = AccentColor;
				CODE_SIGN_STYLE = Automatic;
				CURRENT_PROJECT_VERSION = 1;
				DEVELOPMENT_ASSET_PATHS = "\"ChatAppDemo/Preview Content\"";
				DEVELOPMENT_TEAM = 3M744A37XM;
				ENABLE_PREVIEWS = YES;
				GENERATE_INFOPLIST_FILE = YES;
				INFOPLIST_KEY_UIApplicationSceneManifest_Generation = YES;
				INFOPLIST_KEY_UIApplicationSupportsIndirectInputEvents = YES;
				INFOPLIST_KEY_UILaunchScreen_Generation = YES;
				INFOPLIST_KEY_UISupportedInterfaceOrientations_iPad = "UIInterfaceOrientationPortrait UIInterfaceOrientationPortraitUpsideDown UIInterfaceOrientationLandscapeLeft UIInterfaceOrientationLandscapeRight";
				INFOPLIST_KEY_UISupportedInterfaceOrientations_iPhone = "UIInterfaceOrientationPortrait UIInterfaceOrientationLandscapeLeft UIInterfaceOrientationLandscapeRight";
				LD_RUNPATH_SEARCH_PATHS = (
					"$(inherited)",
					"@executable_path/Frameworks",
				);
				MARKETING_VERSION = 1.0;
				PRODUCT_BUNDLE_IDENTIFIER = arb837.ChatAppDemo;
				PRODUCT_NAME = "$(TARGET_NAME)";
				SWIFT_EMIT_LOC_STRINGS = YES;
				SWIFT_VERSION = 5.0;
				TARGETED_DEVICE_FAMILY = "1,2";
			};
			name = Debug;
		};
		3A5A03D42AFC9EFB002E0A71 /* Release */ = {
			isa = XCBuildConfiguration;
			buildSettings = {
				ASSETCATALOG_COMPILER_APPICON_NAME = AppIcon;
				ASSETCATALOG_COMPILER_GLOBAL_ACCENT_COLOR_NAME = AccentColor;
				CODE_SIGN_STYLE = Automatic;
				CURRENT_PROJECT_VERSION = 1;
				DEVELOPMENT_ASSET_PATHS = "\"ChatAppDemo/Preview Content\"";
				DEVELOPMENT_TEAM = 3M744A37XM;
				ENABLE_PREVIEWS = YES;
				GENERATE_INFOPLIST_FILE = YES;
				INFOPLIST_KEY_UIApplicationSceneManifest_Generation = YES;
				INFOPLIST_KEY_UIApplicationSupportsIndirectInputEvents = YES;
				INFOPLIST_KEY_UILaunchScreen_Generation = YES;
				INFOPLIST_KEY_UISupportedInterfaceOrientations_iPad = "UIInterfaceOrientationPortrait UIInterfaceOrientationPortraitUpsideDown UIInterfaceOrientationLandscapeLeft UIInterfaceOrientationLandscapeRight";
				INFOPLIST_KEY_UISupportedInterfaceOrientations_iPhone = "UIInterfaceOrientationPortrait UIInterfaceOrientationLandscapeLeft UIInterfaceOrientationLandscapeRight";
				LD_RUNPATH_SEARCH_PATHS = (
					"$(inherited)",
					"@executable_path/Frameworks",
				);
				MARKETING_VERSION = 1.0;
				PRODUCT_BUNDLE_IDENTIFIER = arb837.ChatAppDemo;
				PRODUCT_NAME = "$(TARGET_NAME)";
				SWIFT_EMIT_LOC_STRINGS = YES;
				SWIFT_VERSION = 5.0;
				TARGETED_DEVICE_FAMILY = "1,2";
			};
			name = Release;
		};
/* End XCBuildConfiguration section */

/* Begin XCConfigurationList section */
		3A5A03BF2AFC9EFA002E0A71 /* Build configuration list for PBXProject "ChatAppDemo" */ = {
			isa = XCConfigurationList;
			buildConfigurations = (
				3A5A03D02AFC9EFB002E0A71 /* Debug */,
				3A5A03D12AFC9EFB002E0A71 /* Release */,
			);
			defaultConfigurationIsVisible = 0;
			defaultConfigurationName = Release;
		};
		3A5A03D22AFC9EFB002E0A71 /* Build configuration list for PBXNativeTarget "ChatAppDemo" */ = {
			isa = XCConfigurationList;
			buildConfigurations = (
				3A5A03D32AFC9EFB002E0A71 /* Debug */,
				3A5A03D42AFC9EFB002E0A71 /* Release */,
			);
			defaultConfigurationIsVisible = 0;
			defaultConfigurationName = Release;
		};
/* End XCConfigurationList section */

/* Begin XCRemoteSwiftPackageReference section */
		3A5A03E32AFCAF77002E0A71 /* XCRemoteSwiftPackageReference "firebase-ios-sdk" */ = {
			isa = XCRemoteSwiftPackageReference;
			repositoryURL = "https://github.com/firebase/firebase-ios-sdk";
			requirement = {
				kind = upToNextMajorVersion;
				minimumVersion = 10.17.0;
			};
		};
/* End XCRemoteSwiftPackageReference section */

/* Begin XCSwiftPackageProductDependency section */
		3A5A03E42AFCAF77002E0A71 /* FirebaseAnalytics */ = {
			isa = XCSwiftPackageProductDependency;
			package = 3A5A03E32AFCAF77002E0A71 /* XCRemoteSwiftPackageReference "firebase-ios-sdk" */;
			productName = FirebaseAnalytics;
		};
		3A5A03E62AFCAF77002E0A71 /* FirebaseAnalyticsOnDeviceConversion */ = {
			isa = XCSwiftPackageProductDependency;
			package = 3A5A03E32AFCAF77002E0A71 /* XCRemoteSwiftPackageReference "firebase-ios-sdk" */;
			productName = FirebaseAnalyticsOnDeviceConversion;
		};
		3A5A03E82AFCAF77002E0A71 /* FirebaseAnalyticsSwift */ = {
			isa = XCSwiftPackageProductDependency;
			package = 3A5A03E32AFCAF77002E0A71 /* XCRemoteSwiftPackageReference "firebase-ios-sdk" */;
			productName = FirebaseAnalyticsSwift;
		};
		3A5A03EA2AFCAF77002E0A71 /* FirebaseAnalyticsWithoutAdIdSupport */ = {
			isa = XCSwiftPackageProductDependency;
			package = 3A5A03E32AFCAF77002E0A71 /* XCRemoteSwiftPackageReference "firebase-ios-sdk" */;
			productName = FirebaseAnalyticsWithoutAdIdSupport;
		};
		3A5A03EC2AFCAF77002E0A71 /* FirebaseAppCheck */ = {
			isa = XCSwiftPackageProductDependency;
			package = 3A5A03E32AFCAF77002E0A71 /* XCRemoteSwiftPackageReference "firebase-ios-sdk" */;
			productName = FirebaseAppCheck;
		};
		3A5A03EE2AFCAF77002E0A71 /* FirebaseAppDistribution-Beta */ = {
			isa = XCSwiftPackageProductDependency;
			package = 3A5A03E32AFCAF77002E0A71 /* XCRemoteSwiftPackageReference "firebase-ios-sdk" */;
			productName = "FirebaseAppDistribution-Beta";
		};
		3A5A03F02AFCAF77002E0A71 /* FirebaseAuth */ = {
			isa = XCSwiftPackageProductDependency;
			package = 3A5A03E32AFCAF77002E0A71 /* XCRemoteSwiftPackageReference "firebase-ios-sdk" */;
			productName = FirebaseAuth;
		};
		3A5A03F22AFCAF77002E0A71 /* FirebaseAuthCombine-Community */ = {
			isa = XCSwiftPackageProductDependency;
			package = 3A5A03E32AFCAF77002E0A71 /* XCRemoteSwiftPackageReference "firebase-ios-sdk" */;
			productName = "FirebaseAuthCombine-Community";
		};
		3A5A03F42AFCAF77002E0A71 /* FirebaseCrashlytics */ = {
			isa = XCSwiftPackageProductDependency;
			package = 3A5A03E32AFCAF77002E0A71 /* XCRemoteSwiftPackageReference "firebase-ios-sdk" */;
			productName = FirebaseCrashlytics;
		};
		3A5A03F62AFCAF77002E0A71 /* FirebaseDatabase */ = {
			isa = XCSwiftPackageProductDependency;
			package = 3A5A03E32AFCAF77002E0A71 /* XCRemoteSwiftPackageReference "firebase-ios-sdk" */;
			productName = FirebaseDatabase;
		};
		3A5A03F82AFCAF77002E0A71 /* FirebaseDatabaseSwift */ = {
			isa = XCSwiftPackageProductDependency;
			package = 3A5A03E32AFCAF77002E0A71 /* XCRemoteSwiftPackageReference "firebase-ios-sdk" */;
			productName = FirebaseDatabaseSwift;
		};
		3A5A03FA2AFCAF77002E0A71 /* FirebaseDynamicLinks */ = {
			isa = XCSwiftPackageProductDependency;
			package = 3A5A03E32AFCAF77002E0A71 /* XCRemoteSwiftPackageReference "firebase-ios-sdk" */;
			productName = FirebaseDynamicLinks;
		};
		3A5A03FC2AFCAF77002E0A71 /* FirebaseFirestore */ = {
			isa = XCSwiftPackageProductDependency;
			package = 3A5A03E32AFCAF77002E0A71 /* XCRemoteSwiftPackageReference "firebase-ios-sdk" */;
			productName = FirebaseFirestore;
		};
		3A5A03FE2AFCAF77002E0A71 /* FirebaseFirestoreCombine-Community */ = {
			isa = XCSwiftPackageProductDependency;
			package = 3A5A03E32AFCAF77002E0A71 /* XCRemoteSwiftPackageReference "firebase-ios-sdk" */;
			productName = "FirebaseFirestoreCombine-Community";
		};
		3A5A04002AFCAF77002E0A71 /* FirebaseFirestoreSwift */ = {
			isa = XCSwiftPackageProductDependency;
			package = 3A5A03E32AFCAF77002E0A71 /* XCRemoteSwiftPackageReference "firebase-ios-sdk" */;
			productName = FirebaseFirestoreSwift;
		};
		3A5A04022AFCAF77002E0A71 /* FirebaseFunctions */ = {
			isa = XCSwiftPackageProductDependency;
			package = 3A5A03E32AFCAF77002E0A71 /* XCRemoteSwiftPackageReference "firebase-ios-sdk" */;
			productName = FirebaseFunctions;
		};
		3A5A04042AFCAF77002E0A71 /* FirebaseFunctionsCombine-Community */ = {
			isa = XCSwiftPackageProductDependency;
			package = 3A5A03E32AFCAF77002E0A71 /* XCRemoteSwiftPackageReference "firebase-ios-sdk" */;
			productName = "FirebaseFunctionsCombine-Community";
		};
		3A5A04062AFCAF77002E0A71 /* FirebaseInAppMessaging-Beta */ = {
			isa = XCSwiftPackageProductDependency;
			package = 3A5A03E32AFCAF77002E0A71 /* XCRemoteSwiftPackageReference "firebase-ios-sdk" */;
			productName = "FirebaseInAppMessaging-Beta";
		};
		3A5A04082AFCAF77002E0A71 /* FirebaseInAppMessagingSwift-Beta */ = {
			isa = XCSwiftPackageProductDependency;
			package = 3A5A03E32AFCAF77002E0A71 /* XCRemoteSwiftPackageReference "firebase-ios-sdk" */;
			productName = "FirebaseInAppMessagingSwift-Beta";
		};
		3A5A040A2AFCAF77002E0A71 /* FirebaseInstallations */ = {
			isa = XCSwiftPackageProductDependency;
			package = 3A5A03E32AFCAF77002E0A71 /* XCRemoteSwiftPackageReference "firebase-ios-sdk" */;
			productName = FirebaseInstallations;
		};
		3A5A040C2AFCAF77002E0A71 /* FirebaseMLModelDownloader */ = {
			isa = XCSwiftPackageProductDependency;
			package = 3A5A03E32AFCAF77002E0A71 /* XCRemoteSwiftPackageReference "firebase-ios-sdk" */;
			productName = FirebaseMLModelDownloader;
		};
		3A5A040E2AFCAF77002E0A71 /* FirebaseMessaging */ = {
			isa = XCSwiftPackageProductDependency;
			package = 3A5A03E32AFCAF77002E0A71 /* XCRemoteSwiftPackageReference "firebase-ios-sdk" */;
			productName = FirebaseMessaging;
		};
		3A5A04102AFCAF77002E0A71 /* FirebasePerformance */ = {
			isa = XCSwiftPackageProductDependency;
			package = 3A5A03E32AFCAF77002E0A71 /* XCRemoteSwiftPackageReference "firebase-ios-sdk" */;
			productName = FirebasePerformance;
		};
		3A5A04122AFCAF77002E0A71 /* FirebaseRemoteConfig */ = {
			isa = XCSwiftPackageProductDependency;
			package = 3A5A03E32AFCAF77002E0A71 /* XCRemoteSwiftPackageReference "firebase-ios-sdk" */;
			productName = FirebaseRemoteConfig;
		};
		3A5A04142AFCAF77002E0A71 /* FirebaseRemoteConfigSwift */ = {
			isa = XCSwiftPackageProductDependency;
			package = 3A5A03E32AFCAF77002E0A71 /* XCRemoteSwiftPackageReference "firebase-ios-sdk" */;
			productName = FirebaseRemoteConfigSwift;
		};
		3A5A04162AFCAF77002E0A71 /* FirebaseStorage */ = {
			isa = XCSwiftPackageProductDependency;
			package = 3A5A03E32AFCAF77002E0A71 /* XCRemoteSwiftPackageReference "firebase-ios-sdk" */;
			productName = FirebaseStorage;
		};
		3A5A04182AFCAF77002E0A71 /* FirebaseStorageCombine-Community */ = {
			isa = XCSwiftPackageProductDependency;
			package = 3A5A03E32AFCAF77002E0A71 /* XCRemoteSwiftPackageReference "firebase-ios-sdk" */;
			productName = "FirebaseStorageCombine-Community";
		};
/* End XCSwiftPackageProductDependency section */
	};
	rootObject = 3A5A03BC2AFC9EFA002E0A71 /* Project object */;
}
