// !$*UTF8*$!
{
	archiveVersion = 1;
	classes = {
	};
	objectVersion = 50;
	objects = {

/* Begin PBXBuildFile section */
		C960C1F82AD7497C00372724 /* AppDelegate.swift in Sources */ = {isa = PBXBuildFile; fileRef = C960C1F72AD7497C00372724 /* AppDelegate.swift */; };
		C960C1FA2AD7497C00372724 /* SceneDelegate.swift in Sources */ = {isa = PBXBuildFile; fileRef = C960C1F92AD7497C00372724 /* SceneDelegate.swift */; };
		C960C1FC2AD7497C00372724 /* ContentView.swift in Sources */ = {isa = PBXBuildFile; fileRef = C960C1FB2AD7497C00372724 /* ContentView.swift */; };
		C960C1FE2AD7497D00372724 /* Assets.xcassets in Resources */ = {isa = PBXBuildFile; fileRef = C960C1FD2AD7497D00372724 /* Assets.xcassets */; };
		C960C2012AD7497D00372724 /* Preview Assets.xcassets in Resources */ = {isa = PBXBuildFile; fileRef = C960C2002AD7497D00372724 /* Preview Assets.xcassets */; };
		C960C2042AD7497D00372724 /* LaunchScreen.storyboard in Resources */ = {isa = PBXBuildFile; fileRef = C960C2022AD7497D00372724 /* LaunchScreen.storyboard */; };
		C960C20F2AD7497E00372724 /* NavigationAppTests.swift in Sources */ = {isa = PBXBuildFile; fileRef = C960C20E2AD7497E00372724 /* NavigationAppTests.swift */; };
		C960C21A2AD7497E00372724 /* NavigationAppUITests.swift in Sources */ = {isa = PBXBuildFile; fileRef = C960C2192AD7497E00372724 /* NavigationAppUITests.swift */; };
		C960C2282AD74EA800372724 /* AboutMe.swift in Sources */ = {isa = PBXBuildFile; fileRef = C960C2272AD74EA800372724 /* AboutMe.swift */; };
		C960C22A2AD751EF00372724 /* Projects.swift in Sources */ = {isa = PBXBuildFile; fileRef = C960C2292AD751EF00372724 /* Projects.swift */; };
		C960C22C2AD7599A00372724 /* SettingsRecreation.swift in Sources */ = {isa = PBXBuildFile; fileRef = C960C22B2AD7599A00372724 /* SettingsRecreation.swift */; };
/* End PBXBuildFile section */

/* Begin PBXContainerItemProxy section */
		C960C20B2AD7497D00372724 /* PBXContainerItemProxy */ = {
			isa = PBXContainerItemProxy;
			containerPortal = C960C1EC2AD7497C00372724 /* Project object */;
			proxyType = 1;
			remoteGlobalIDString = C960C1F32AD7497C00372724;
			remoteInfo = NavigationApp;
		};
		C960C2162AD7497E00372724 /* PBXContainerItemProxy */ = {
			isa = PBXContainerItemProxy;
			containerPortal = C960C1EC2AD7497C00372724 /* Project object */;
			proxyType = 1;
			remoteGlobalIDString = C960C1F32AD7497C00372724;
			remoteInfo = NavigationApp;
		};
/* End PBXContainerItemProxy section */

/* Begin PBXFileReference section */
		C960C1F42AD7497C00372724 /* NavigationApp.app */ = {isa = PBXFileReference; explicitFileType = wrapper.application; includeInIndex = 0; path = NavigationApp.app; sourceTree = BUILT_PRODUCTS_DIR; };
		C960C1F72AD7497C00372724 /* AppDelegate.swift */ = {isa = PBXFileReference; lastKnownFileType = sourcecode.swift; path = AppDelegate.swift; sourceTree = "<group>"; };
		C960C1F92AD7497C00372724 /* SceneDelegate.swift */ = {isa = PBXFileReference; lastKnownFileType = sourcecode.swift; path = SceneDelegate.swift; sourceTree = "<group>"; };
		C960C1FB2AD7497C00372724 /* ContentView.swift */ = {isa = PBXFileReference; lastKnownFileType = sourcecode.swift; path = ContentView.swift; sourceTree = "<group>"; };
		C960C1FD2AD7497D00372724 /* Assets.xcassets */ = {isa = PBXFileReference; lastKnownFileType = folder.assetcatalog; path = Assets.xcassets; sourceTree = "<group>"; };
		C960C2002AD7497D00372724 /* Preview Assets.xcassets */ = {isa = PBXFileReference; lastKnownFileType = folder.assetcatalog; path = "Preview Assets.xcassets"; sourceTree = "<group>"; };
		C960C2032AD7497D00372724 /* Base */ = {isa = PBXFileReference; lastKnownFileType = file.storyboard; name = Base; path = Base.lproj/LaunchScreen.storyboard; sourceTree = "<group>"; };
		C960C2052AD7497D00372724 /* Info.plist */ = {isa = PBXFileReference; lastKnownFileType = text.plist.xml; path = Info.plist; sourceTree = "<group>"; };
		C960C20A2AD7497D00372724 /* NavigationAppTests.xctest */ = {isa = PBXFileReference; explicitFileType = wrapper.cfbundle; includeInIndex = 0; path = NavigationAppTests.xctest; sourceTree = BUILT_PRODUCTS_DIR; };
		C960C20E2AD7497E00372724 /* NavigationAppTests.swift */ = {isa = PBXFileReference; lastKnownFileType = sourcecode.swift; path = NavigationAppTests.swift; sourceTree = "<group>"; };
		C960C2102AD7497E00372724 /* Info.plist */ = {isa = PBXFileReference; lastKnownFileType = text.plist.xml; path = Info.plist; sourceTree = "<group>"; };
		C960C2152AD7497E00372724 /* NavigationAppUITests.xctest */ = {isa = PBXFileReference; explicitFileType = wrapper.cfbundle; includeInIndex = 0; path = NavigationAppUITests.xctest; sourceTree = BUILT_PRODUCTS_DIR; };
		C960C2192AD7497E00372724 /* NavigationAppUITests.swift */ = {isa = PBXFileReference; lastKnownFileType = sourcecode.swift; path = NavigationAppUITests.swift; sourceTree = "<group>"; };
		C960C21B2AD7497E00372724 /* Info.plist */ = {isa = PBXFileReference; lastKnownFileType = text.plist.xml; path = Info.plist; sourceTree = "<group>"; };
		C960C2272AD74EA800372724 /* AboutMe.swift */ = {isa = PBXFileReference; lastKnownFileType = sourcecode.swift; path = AboutMe.swift; sourceTree = "<group>"; };
		C960C2292AD751EF00372724 /* Projects.swift */ = {isa = PBXFileReference; lastKnownFileType = sourcecode.swift; path = Projects.swift; sourceTree = "<group>"; };
		C960C22B2AD7599A00372724 /* SettingsRecreation.swift */ = {isa = PBXFileReference; lastKnownFileType = sourcecode.swift; path = SettingsRecreation.swift; sourceTree = "<group>"; };
/* End PBXFileReference section */

/* Begin PBXFrameworksBuildPhase section */
		C960C1F12AD7497C00372724 /* Frameworks */ = {
			isa = PBXFrameworksBuildPhase;
			buildActionMask = 2147483647;
			files = (
			);
			runOnlyForDeploymentPostprocessing = 0;
		};
		C960C2072AD7497D00372724 /* Frameworks */ = {
			isa = PBXFrameworksBuildPhase;
			buildActionMask = 2147483647;
			files = (
			);
			runOnlyForDeploymentPostprocessing = 0;
		};
		C960C2122AD7497E00372724 /* Frameworks */ = {
			isa = PBXFrameworksBuildPhase;
			buildActionMask = 2147483647;
			files = (
			);
			runOnlyForDeploymentPostprocessing = 0;
		};
/* End PBXFrameworksBuildPhase section */

/* Begin PBXGroup section */
		C960C1EB2AD7497C00372724 = {
			isa = PBXGroup;
			children = (
				C960C1F62AD7497C00372724 /* NavigationApp */,
				C960C20D2AD7497D00372724 /* NavigationAppTests */,
				C960C2182AD7497E00372724 /* NavigationAppUITests */,
				C960C1F52AD7497C00372724 /* Products */,
			);
			sourceTree = "<group>";
		};
		C960C1F52AD7497C00372724 /* Products */ = {
			isa = PBXGroup;
			children = (
				C960C1F42AD7497C00372724 /* NavigationApp.app */,
				C960C20A2AD7497D00372724 /* NavigationAppTests.xctest */,
				C960C2152AD7497E00372724 /* NavigationAppUITests.xctest */,
			);
			name = Products;
			sourceTree = "<group>";
		};
		C960C1F62AD7497C00372724 /* NavigationApp */ = {
			isa = PBXGroup;
			children = (
				C960C1F72AD7497C00372724 /* AppDelegate.swift */,
				C960C1F92AD7497C00372724 /* SceneDelegate.swift */,
				C960C1FB2AD7497C00372724 /* ContentView.swift */,
				C960C2272AD74EA800372724 /* AboutMe.swift */,
				C960C22B2AD7599A00372724 /* SettingsRecreation.swift */,
				C960C2292AD751EF00372724 /* Projects.swift */,
				C960C1FD2AD7497D00372724 /* Assets.xcassets */,
				C960C2022AD7497D00372724 /* LaunchScreen.storyboard */,
				C960C2052AD7497D00372724 /* Info.plist */,
				C960C1FF2AD7497D00372724 /* Preview Content */,
			);
			path = NavigationApp;
			sourceTree = "<group>";
		};
		C960C1FF2AD7497D00372724 /* Preview Content */ = {
			isa = PBXGroup;
			children = (
				C960C2002AD7497D00372724 /* Preview Assets.xcassets */,
			);
			path = "Preview Content";
			sourceTree = "<group>";
		};
		C960C20D2AD7497D00372724 /* NavigationAppTests */ = {
			isa = PBXGroup;
			children = (
				C960C20E2AD7497E00372724 /* NavigationAppTests.swift */,
				C960C2102AD7497E00372724 /* Info.plist */,
			);
			path = NavigationAppTests;
			sourceTree = "<group>";
		};
		C960C2182AD7497E00372724 /* NavigationAppUITests */ = {
			isa = PBXGroup;
			children = (
				C960C2192AD7497E00372724 /* NavigationAppUITests.swift */,
				C960C21B2AD7497E00372724 /* Info.plist */,
			);
			path = NavigationAppUITests;
			sourceTree = "<group>";
		};
/* End PBXGroup section */

/* Begin PBXNativeTarget section */
		C960C1F32AD7497C00372724 /* NavigationApp */ = {
			isa = PBXNativeTarget;
			buildConfigurationList = C960C21E2AD7497E00372724 /* Build configuration list for PBXNativeTarget "NavigationApp" */;
			buildPhases = (
				C960C1F02AD7497C00372724 /* Sources */,
				C960C1F12AD7497C00372724 /* Frameworks */,
				C960C1F22AD7497C00372724 /* Resources */,
			);
			buildRules = (
			);
			dependencies = (
			);
			name = NavigationApp;
			productName = NavigationApp;
			productReference = C960C1F42AD7497C00372724 /* NavigationApp.app */;
			productType = "com.apple.product-type.application";
		};
		C960C2092AD7497D00372724 /* NavigationAppTests */ = {
			isa = PBXNativeTarget;
			buildConfigurationList = C960C2212AD7497E00372724 /* Build configuration list for PBXNativeTarget "NavigationAppTests" */;
			buildPhases = (
				C960C2062AD7497D00372724 /* Sources */,
				C960C2072AD7497D00372724 /* Frameworks */,
				C960C2082AD7497D00372724 /* Resources */,
			);
			buildRules = (
			);
			dependencies = (
				C960C20C2AD7497D00372724 /* PBXTargetDependency */,
			);
			name = NavigationAppTests;
			productName = NavigationAppTests;
			productReference = C960C20A2AD7497D00372724 /* NavigationAppTests.xctest */;
			productType = "com.apple.product-type.bundle.unit-test";
		};
		C960C2142AD7497E00372724 /* NavigationAppUITests */ = {
			isa = PBXNativeTarget;
			buildConfigurationList = C960C2242AD7497E00372724 /* Build configuration list for PBXNativeTarget "NavigationAppUITests" */;
			buildPhases = (
				C960C2112AD7497E00372724 /* Sources */,
				C960C2122AD7497E00372724 /* Frameworks */,
				C960C2132AD7497E00372724 /* Resources */,
			);
			buildRules = (
			);
			dependencies = (
				C960C2172AD7497E00372724 /* PBXTargetDependency */,
			);
			name = NavigationAppUITests;
			productName = NavigationAppUITests;
			productReference = C960C2152AD7497E00372724 /* NavigationAppUITests.xctest */;
			productType = "com.apple.product-type.bundle.ui-testing";
		};
/* End PBXNativeTarget section */

/* Begin PBXProject section */
		C960C1EC2AD7497C00372724 /* Project object */ = {
			isa = PBXProject;
			attributes = {
				LastSwiftUpdateCheck = 1170;
				LastUpgradeCheck = 1170;
				ORGANIZATIONNAME = itpstudent;
				TargetAttributes = {
					C960C1F32AD7497C00372724 = {
						CreatedOnToolsVersion = 11.7;
					};
					C960C2092AD7497D00372724 = {
						CreatedOnToolsVersion = 11.7;
						TestTargetID = C960C1F32AD7497C00372724;
					};
					C960C2142AD7497E00372724 = {
						CreatedOnToolsVersion = 11.7;
						TestTargetID = C960C1F32AD7497C00372724;
					};
				};
			};
			buildConfigurationList = C960C1EF2AD7497C00372724 /* Build configuration list for PBXProject "NavigationApp" */;
			compatibilityVersion = "Xcode 9.3";
			developmentRegion = en;
			hasScannedForEncodings = 0;
			knownRegions = (
				en,
				Base,
			);
			mainGroup = C960C1EB2AD7497C00372724;
			productRefGroup = C960C1F52AD7497C00372724 /* Products */;
			projectDirPath = "";
			projectRoot = "";
			targets = (
				C960C1F32AD7497C00372724 /* NavigationApp */,
				C960C2092AD7497D00372724 /* NavigationAppTests */,
				C960C2142AD7497E00372724 /* NavigationAppUITests */,
			);
		};
/* End PBXProject section */

/* Begin PBXResourcesBuildPhase section */
		C960C1F22AD7497C00372724 /* Resources */ = {
			isa = PBXResourcesBuildPhase;
			buildActionMask = 2147483647;
			files = (
				C960C2042AD7497D00372724 /* LaunchScreen.storyboard in Resources */,
				C960C2012AD7497D00372724 /* Preview Assets.xcassets in Resources */,
				C960C1FE2AD7497D00372724 /* Assets.xcassets in Resources */,
			);
			runOnlyForDeploymentPostprocessing = 0;
		};
		C960C2082AD7497D00372724 /* Resources */ = {
			isa = PBXResourcesBuildPhase;
			buildActionMask = 2147483647;
			files = (
			);
			runOnlyForDeploymentPostprocessing = 0;
		};
		C960C2132AD7497E00372724 /* Resources */ = {
			isa = PBXResourcesBuildPhase;
			buildActionMask = 2147483647;
			files = (
			);
			runOnlyForDeploymentPostprocessing = 0;
		};
/* End PBXResourcesBuildPhase section */

/* Begin PBXSourcesBuildPhase section */
		C960C1F02AD7497C00372724 /* Sources */ = {
			isa = PBXSourcesBuildPhase;
			buildActionMask = 2147483647;
			files = (
				C960C22C2AD7599A00372724 /* SettingsRecreation.swift in Sources */,
				C960C1F82AD7497C00372724 /* AppDelegate.swift in Sources */,
				C960C2282AD74EA800372724 /* AboutMe.swift in Sources */,
				C960C22A2AD751EF00372724 /* Projects.swift in Sources */,
				C960C1FA2AD7497C00372724 /* SceneDelegate.swift in Sources */,
				C960C1FC2AD7497C00372724 /* ContentView.swift in Sources */,
			);
			runOnlyForDeploymentPostprocessing = 0;
		};
		C960C2062AD7497D00372724 /* Sources */ = {
			isa = PBXSourcesBuildPhase;
			buildActionMask = 2147483647;
			files = (
				C960C20F2AD7497E00372724 /* NavigationAppTests.swift in Sources */,
			);
			runOnlyForDeploymentPostprocessing = 0;
		};
		C960C2112AD7497E00372724 /* Sources */ = {
			isa = PBXSourcesBuildPhase;
			buildActionMask = 2147483647;
			files = (
				C960C21A2AD7497E00372724 /* NavigationAppUITests.swift in Sources */,
			);
			runOnlyForDeploymentPostprocessing = 0;
		};
/* End PBXSourcesBuildPhase section */

/* Begin PBXTargetDependency section */
		C960C20C2AD7497D00372724 /* PBXTargetDependency */ = {
			isa = PBXTargetDependency;
			target = C960C1F32AD7497C00372724 /* NavigationApp */;
			targetProxy = C960C20B2AD7497D00372724 /* PBXContainerItemProxy */;
		};
		C960C2172AD7497E00372724 /* PBXTargetDependency */ = {
			isa = PBXTargetDependency;
			target = C960C1F32AD7497C00372724 /* NavigationApp */;
			targetProxy = C960C2162AD7497E00372724 /* PBXContainerItemProxy */;
		};
/* End PBXTargetDependency section */

/* Begin PBXVariantGroup section */
		C960C2022AD7497D00372724 /* LaunchScreen.storyboard */ = {
			isa = PBXVariantGroup;
			children = (
				C960C2032AD7497D00372724 /* Base */,
			);
			name = LaunchScreen.storyboard;
			sourceTree = "<group>";
		};
/* End PBXVariantGroup section */

/* Begin XCBuildConfiguration section */
		C960C21C2AD7497E00372724 /* Debug */ = {
			isa = XCBuildConfiguration;
			buildSettings = {
				ALWAYS_SEARCH_USER_PATHS = NO;
				CLANG_ANALYZER_NONNULL = YES;
				CLANG_ANALYZER_NUMBER_OBJECT_CONVERSION = YES_AGGRESSIVE;
				CLANG_CXX_LANGUAGE_STANDARD = "gnu++14";
				CLANG_CXX_LIBRARY = "libc++";
				CLANG_ENABLE_MODULES = YES;
				CLANG_ENABLE_OBJC_ARC = YES;
				CLANG_ENABLE_OBJC_WEAK = YES;
				CLANG_WARN_BLOCK_CAPTURE_AUTORELEASING = YES;
				CLANG_WARN_BOOL_CONVERSION = YES;
				CLANG_WARN_COMMA = YES;
				CLANG_WARN_CONSTANT_CONVERSION = YES;
				CLANG_WARN_DEPRECATED_OBJC_IMPLEMENTATIONS = YES;
				CLANG_WARN_DIRECT_OBJC_ISA_USAGE = YES_ERROR;
				CLANG_WARN_DOCUMENTATION_COMMENTS = YES;
				CLANG_WARN_EMPTY_BODY = YES;
				CLANG_WARN_ENUM_CONVERSION = YES;
				CLANG_WARN_INFINITE_RECURSION = YES;
				CLANG_WARN_INT_CONVERSION = YES;
				CLANG_WARN_NON_LITERAL_NULL_CONVERSION = YES;
				CLANG_WARN_OBJC_IMPLICIT_RETAIN_SELF = YES;
				CLANG_WARN_OBJC_LITERAL_CONVERSION = YES;
				CLANG_WARN_OBJC_ROOT_CLASS = YES_ERROR;
				CLANG_WARN_RANGE_LOOP_ANALYSIS = YES;
				CLANG_WARN_STRICT_PROTOTYPES = YES;
				CLANG_WARN_SUSPICIOUS_MOVE = YES;
				CLANG_WARN_UNGUARDED_AVAILABILITY = YES_AGGRESSIVE;
				CLANG_WARN_UNREACHABLE_CODE = YES;
				CLANG_WARN__DUPLICATE_METHOD_MATCH = YES;
				COPY_PHASE_STRIP = NO;
				DEBUG_INFORMATION_FORMAT = dwarf;
				ENABLE_STRICT_OBJC_MSGSEND = YES;
				ENABLE_TESTABILITY = YES;
				GCC_C_LANGUAGE_STANDARD = gnu11;
				GCC_DYNAMIC_NO_PIC = NO;
				GCC_NO_COMMON_BLOCKS = YES;
				GCC_OPTIMIZATION_LEVEL = 0;
				GCC_PREPROCESSOR_DEFINITIONS = (
					"DEBUG=1",
					"$(inherited)",
				);
				GCC_WARN_64_TO_32_BIT_CONVERSION = YES;
				GCC_WARN_ABOUT_RETURN_TYPE = YES_ERROR;
				GCC_WARN_UNDECLARED_SELECTOR = YES;
				GCC_WARN_UNINITIALIZED_AUTOS = YES_AGGRESSIVE;
				GCC_WARN_UNUSED_FUNCTION = YES;
				GCC_WARN_UNUSED_VARIABLE = YES;
				IPHONEOS_DEPLOYMENT_TARGET = 13.7;
				MTL_ENABLE_DEBUG_INFO = INCLUDE_SOURCE;
				MTL_FAST_MATH = YES;
				ONLY_ACTIVE_ARCH = YES;
				SDKROOT = iphoneos;
				SWIFT_ACTIVE_COMPILATION_CONDITIONS = DEBUG;
				SWIFT_OPTIMIZATION_LEVEL = "-Onone";
			};
			name = Debug;
		};
		C960C21D2AD7497E00372724 /* Release */ = {
			isa = XCBuildConfiguration;
			buildSettings = {
				ALWAYS_SEARCH_USER_PATHS = NO;
				CLANG_ANALYZER_NONNULL = YES;
				CLANG_ANALYZER_NUMBER_OBJECT_CONVERSION = YES_AGGRESSIVE;
				CLANG_CXX_LANGUAGE_STANDARD = "gnu++14";
				CLANG_CXX_LIBRARY = "libc++";
				CLANG_ENABLE_MODULES = YES;
				CLANG_ENABLE_OBJC_ARC = YES;
				CLANG_ENABLE_OBJC_WEAK = YES;
				CLANG_WARN_BLOCK_CAPTURE_AUTORELEASING = YES;
				CLANG_WARN_BOOL_CONVERSION = YES;
				CLANG_WARN_COMMA = YES;
				CLANG_WARN_CONSTANT_CONVERSION = YES;
				CLANG_WARN_DEPRECATED_OBJC_IMPLEMENTATIONS = YES;
				CLANG_WARN_DIRECT_OBJC_ISA_USAGE = YES_ERROR;
				CLANG_WARN_DOCUMENTATION_COMMENTS = YES;
				CLANG_WARN_EMPTY_BODY = YES;
				CLANG_WARN_ENUM_CONVERSION = YES;
				CLANG_WARN_INFINITE_RECURSION = YES;
				CLANG_WARN_INT_CONVERSION = YES;
				CLANG_WARN_NON_LITERAL_NULL_CONVERSION = YES;
				CLANG_WARN_OBJC_IMPLICIT_RETAIN_SELF = YES;
				CLANG_WARN_OBJC_LITERAL_CONVERSION = YES;
				CLANG_WARN_OBJC_ROOT_CLASS = YES_ERROR;
				CLANG_WARN_RANGE_LOOP_ANALYSIS = YES;
				CLANG_WARN_STRICT_PROTOTYPES = YES;
				CLANG_WARN_SUSPICIOUS_MOVE = YES;
				CLANG_WARN_UNGUARDED_AVAILABILITY = YES_AGGRESSIVE;
				CLANG_WARN_UNREACHABLE_CODE = YES;
				CLANG_WARN__DUPLICATE_METHOD_MATCH = YES;
				COPY_PHASE_STRIP = NO;
				DEBUG_INFORMATION_FORMAT = "dwarf-with-dsym";
				ENABLE_NS_ASSERTIONS = NO;
				ENABLE_STRICT_OBJC_MSGSEND = YES;
				GCC_C_LANGUAGE_STANDARD = gnu11;
				GCC_NO_COMMON_BLOCKS = YES;
				GCC_WARN_64_TO_32_BIT_CONVERSION = YES;
				GCC_WARN_ABOUT_RETURN_TYPE = YES_ERROR;
				GCC_WARN_UNDECLARED_SELECTOR = YES;
				GCC_WARN_UNINITIALIZED_AUTOS = YES_AGGRESSIVE;
				GCC_WARN_UNUSED_FUNCTION = YES;
				GCC_WARN_UNUSED_VARIABLE = YES;
				IPHONEOS_DEPLOYMENT_TARGET = 13.7;
				MTL_ENABLE_DEBUG_INFO = NO;
				MTL_FAST_MATH = YES;
				SDKROOT = iphoneos;
				SWIFT_COMPILATION_MODE = wholemodule;
				SWIFT_OPTIMIZATION_LEVEL = "-O";
				VALIDATE_PRODUCT = YES;
			};
			name = Release;
		};
		C960C21F2AD7497E00372724 /* Debug */ = {
			isa = XCBuildConfiguration;
			buildSettings = {
				ASSETCATALOG_COMPILER_APPICON_NAME = AppIcon;
				CODE_SIGN_STYLE = Automatic;
				DEVELOPMENT_ASSET_PATHS = "\"NavigationApp/Preview Content\"";
				ENABLE_PREVIEWS = YES;
				INFOPLIST_FILE = NavigationApp/Info.plist;
				LD_RUNPATH_SEARCH_PATHS = (
					"$(inherited)",
					"@executable_path/Frameworks",
				);
				PRODUCT_BUNDLE_IDENTIFIER = arb837.NavigationApp;
				PRODUCT_NAME = "$(TARGET_NAME)";
				SWIFT_VERSION = 5.0;
				TARGETED_DEVICE_FAMILY = "1,2";
			};
			name = Debug;
		};
		C960C2202AD7497E00372724 /* Release */ = {
			isa = XCBuildConfiguration;
			buildSettings = {
				ASSETCATALOG_COMPILER_APPICON_NAME = AppIcon;
				CODE_SIGN_STYLE = Automatic;
				DEVELOPMENT_ASSET_PATHS = "\"NavigationApp/Preview Content\"";
				ENABLE_PREVIEWS = YES;
				INFOPLIST_FILE = NavigationApp/Info.plist;
				LD_RUNPATH_SEARCH_PATHS = (
					"$(inherited)",
					"@executable_path/Frameworks",
				);
				PRODUCT_BUNDLE_IDENTIFIER = arb837.NavigationApp;
				PRODUCT_NAME = "$(TARGET_NAME)";
				SWIFT_VERSION = 5.0;
				TARGETED_DEVICE_FAMILY = "1,2";
			};
			name = Release;
		};
		C960C2222AD7497E00372724 /* Debug */ = {
			isa = XCBuildConfiguration;
			buildSettings = {
				ALWAYS_EMBED_SWIFT_STANDARD_LIBRARIES = YES;
				BUNDLE_LOADER = "$(TEST_HOST)";
				CODE_SIGN_STYLE = Automatic;
				INFOPLIST_FILE = NavigationAppTests/Info.plist;
				IPHONEOS_DEPLOYMENT_TARGET = 13.7;
				LD_RUNPATH_SEARCH_PATHS = (
					"$(inherited)",
					"@executable_path/Frameworks",
					"@loader_path/Frameworks",
				);
				PRODUCT_BUNDLE_IDENTIFIER = arb837.NavigationAppTests;
				PRODUCT_NAME = "$(TARGET_NAME)";
				SWIFT_VERSION = 5.0;
				TARGETED_DEVICE_FAMILY = "1,2";
				TEST_HOST = "$(BUILT_PRODUCTS_DIR)/NavigationApp.app/NavigationApp";
			};
			name = Debug;
		};
		C960C2232AD7497E00372724 /* Release */ = {
			isa = XCBuildConfiguration;
			buildSettings = {
				ALWAYS_EMBED_SWIFT_STANDARD_LIBRARIES = YES;
				BUNDLE_LOADER = "$(TEST_HOST)";
				CODE_SIGN_STYLE = Automatic;
				INFOPLIST_FILE = NavigationAppTests/Info.plist;
				IPHONEOS_DEPLOYMENT_TARGET = 13.7;
				LD_RUNPATH_SEARCH_PATHS = (
					"$(inherited)",
					"@executable_path/Frameworks",
					"@loader_path/Frameworks",
				);
				PRODUCT_BUNDLE_IDENTIFIER = arb837.NavigationAppTests;
				PRODUCT_NAME = "$(TARGET_NAME)";
				SWIFT_VERSION = 5.0;
				TARGETED_DEVICE_FAMILY = "1,2";
				TEST_HOST = "$(BUILT_PRODUCTS_DIR)/NavigationApp.app/NavigationApp";
			};
			name = Release;
		};
		C960C2252AD7497E00372724 /* Debug */ = {
			isa = XCBuildConfiguration;
			buildSettings = {
				ALWAYS_EMBED_SWIFT_STANDARD_LIBRARIES = YES;
				CODE_SIGN_STYLE = Automatic;
				INFOPLIST_FILE = NavigationAppUITests/Info.plist;
				LD_RUNPATH_SEARCH_PATHS = (
					"$(inherited)",
					"@executable_path/Frameworks",
					"@loader_path/Frameworks",
				);
				PRODUCT_BUNDLE_IDENTIFIER = arb837.NavigationAppUITests;
				PRODUCT_NAME = "$(TARGET_NAME)";
				SWIFT_VERSION = 5.0;
				TARGETED_DEVICE_FAMILY = "1,2";
				TEST_TARGET_NAME = NavigationApp;
			};
			name = Debug;
		};
		C960C2262AD7497E00372724 /* Release */ = {
			isa = XCBuildConfiguration;
			buildSettings = {
				ALWAYS_EMBED_SWIFT_STANDARD_LIBRARIES = YES;
				CODE_SIGN_STYLE = Automatic;
				INFOPLIST_FILE = NavigationAppUITests/Info.plist;
				LD_RUNPATH_SEARCH_PATHS = (
					"$(inherited)",
					"@executable_path/Frameworks",
					"@loader_path/Frameworks",
				);
				PRODUCT_BUNDLE_IDENTIFIER = arb837.NavigationAppUITests;
				PRODUCT_NAME = "$(TARGET_NAME)";
				SWIFT_VERSION = 5.0;
				TARGETED_DEVICE_FAMILY = "1,2";
				TEST_TARGET_NAME = NavigationApp;
			};
			name = Release;
		};
/* End XCBuildConfiguration section */

/* Begin XCConfigurationList section */
		C960C1EF2AD7497C00372724 /* Build configuration list for PBXProject "NavigationApp" */ = {
			isa = XCConfigurationList;
			buildConfigurations = (
				C960C21C2AD7497E00372724 /* Debug */,
				C960C21D2AD7497E00372724 /* Release */,
			);
			defaultConfigurationIsVisible = 0;
			defaultConfigurationName = Release;
		};
		C960C21E2AD7497E00372724 /* Build configuration list for PBXNativeTarget "NavigationApp" */ = {
			isa = XCConfigurationList;
			buildConfigurations = (
				C960C21F2AD7497E00372724 /* Debug */,
				C960C2202AD7497E00372724 /* Release */,
			);
			defaultConfigurationIsVisible = 0;
			defaultConfigurationName = Release;
		};
		C960C2212AD7497E00372724 /* Build configuration list for PBXNativeTarget "NavigationAppTests" */ = {
			isa = XCConfigurationList;
			buildConfigurations = (
				C960C2222AD7497E00372724 /* Debug */,
				C960C2232AD7497E00372724 /* Release */,
			);
			defaultConfigurationIsVisible = 0;
			defaultConfigurationName = Release;
		};
		C960C2242AD7497E00372724 /* Build configuration list for PBXNativeTarget "NavigationAppUITests" */ = {
			isa = XCConfigurationList;
			buildConfigurations = (
				C960C2252AD7497E00372724 /* Debug */,
				C960C2262AD7497E00372724 /* Release */,
			);
			defaultConfigurationIsVisible = 0;
			defaultConfigurationName = Release;
		};
/* End XCConfigurationList section */
	};
	rootObject = C960C1EC2AD7497C00372724 /* Project object */;
}
