// !$*UTF8*$!
{
	archiveVersion = 1;
	classes = {
	};
	objectVersion = 56;
	objects = {

/* Begin PBXBuildFile section */
		0DD633802AC5291200E4AC8C /* LandmarksApp.swift in Sources */ = {isa = PBXBuildFile; fileRef = 0DD6337F2AC5291200E4AC8C /* LandmarksApp.swift */; };
		0DD633822AC5291200E4AC8C /* ContentView.swift in Sources */ = {isa = PBXBuildFile; fileRef = 0DD633812AC5291200E4AC8C /* ContentView.swift */; };
		0DD633842AC5291200E4AC8C /* Assets.xcassets in Resources */ = {isa = PBXBuildFile; fileRef = 0DD633832AC5291200E4AC8C /* Assets.xcassets */; };
		0DD633872AC5291200E4AC8C /* Preview Assets.xcassets in Resources */ = {isa = PBXBuildFile; fileRef = 0DD633862AC5291200E4AC8C /* Preview Assets.xcassets */; };
		0DD633902AC52B0600E4AC8C /* CircleImage.swift in Sources */ = {isa = PBXBuildFile; fileRef = 0DD6338F2AC52B0600E4AC8C /* CircleImage.swift */; };
		0DD633922AC52B6800E4AC8C /* MapView.swift in Sources */ = {isa = PBXBuildFile; fileRef = 0DD633912AC52B6800E4AC8C /* MapView.swift */; };
		0DD633942AC53D2900E4AC8C /* landmarkData.json in Resources */ = {isa = PBXBuildFile; fileRef = 0DD633932AC53D2800E4AC8C /* landmarkData.json */; };
		0DD633962AC53D3700E4AC8C /* Landmark.swift in Sources */ = {isa = PBXBuildFile; fileRef = 0DD633952AC53D3700E4AC8C /* Landmark.swift */; };
		0DD633982AC53DF700E4AC8C /* ModelData.swift in Sources */ = {isa = PBXBuildFile; fileRef = 0DD633972AC53DF700E4AC8C /* ModelData.swift */; };
		0DD6339D2AC53E9700E4AC8C /* LandmarkRow.swift in Sources */ = {isa = PBXBuildFile; fileRef = 0DD6339C2AC53E9700E4AC8C /* LandmarkRow.swift */; };
		0DD6339F2AC53FCB00E4AC8C /* LandmarkList.swift in Sources */ = {isa = PBXBuildFile; fileRef = 0DD6339E2AC53FCB00E4AC8C /* LandmarkList.swift */; };
		0DD633A12AC5407C00E4AC8C /* LandmarkDetail.swift in Sources */ = {isa = PBXBuildFile; fileRef = 0DD633A02AC5407C00E4AC8C /* LandmarkDetail.swift */; };
/* End PBXBuildFile section */

/* Begin PBXFileReference section */
		0DD6337C2AC5291200E4AC8C /* Landmarks.app */ = {isa = PBXFileReference; explicitFileType = wrapper.application; includeInIndex = 0; path = Landmarks.app; sourceTree = BUILT_PRODUCTS_DIR; };
		0DD6337F2AC5291200E4AC8C /* LandmarksApp.swift */ = {isa = PBXFileReference; lastKnownFileType = sourcecode.swift; path = LandmarksApp.swift; sourceTree = "<group>"; };
		0DD633812AC5291200E4AC8C /* ContentView.swift */ = {isa = PBXFileReference; lastKnownFileType = sourcecode.swift; path = ContentView.swift; sourceTree = "<group>"; };
		0DD633832AC5291200E4AC8C /* Assets.xcassets */ = {isa = PBXFileReference; lastKnownFileType = folder.assetcatalog; path = Assets.xcassets; sourceTree = "<group>"; };
		0DD633862AC5291200E4AC8C /* Preview Assets.xcassets */ = {isa = PBXFileReference; lastKnownFileType = folder.assetcatalog; path = "Preview Assets.xcassets"; sourceTree = "<group>"; };
		0DD6338F2AC52B0600E4AC8C /* CircleImage.swift */ = {isa = PBXFileReference; lastKnownFileType = sourcecode.swift; path = CircleImage.swift; sourceTree = "<group>"; };
		0DD633912AC52B6800E4AC8C /* MapView.swift */ = {isa = PBXFileReference; lastKnownFileType = sourcecode.swift; path = MapView.swift; sourceTree = "<group>"; };
		0DD633932AC53D2800E4AC8C /* landmarkData.json */ = {isa = PBXFileReference; fileEncoding = 4; lastKnownFileType = text.json; path = landmarkData.json; sourceTree = "<group>"; };
		0DD633952AC53D3700E4AC8C /* Landmark.swift */ = {isa = PBXFileReference; lastKnownFileType = sourcecode.swift; path = Landmark.swift; sourceTree = "<group>"; };
		0DD633972AC53DF700E4AC8C /* ModelData.swift */ = {isa = PBXFileReference; lastKnownFileType = sourcecode.swift; path = ModelData.swift; sourceTree = "<group>"; };
		0DD6339C2AC53E9700E4AC8C /* LandmarkRow.swift */ = {isa = PBXFileReference; lastKnownFileType = sourcecode.swift; path = LandmarkRow.swift; sourceTree = "<group>"; };
		0DD6339E2AC53FCB00E4AC8C /* LandmarkList.swift */ = {isa = PBXFileReference; lastKnownFileType = sourcecode.swift; path = LandmarkList.swift; sourceTree = "<group>"; };
		0DD633A02AC5407C00E4AC8C /* LandmarkDetail.swift */ = {isa = PBXFileReference; lastKnownFileType = sourcecode.swift; path = LandmarkDetail.swift; sourceTree = "<group>"; };
/* End PBXFileReference section */

/* Begin PBXFrameworksBuildPhase section */
		0DD633792AC5291200E4AC8C /* Frameworks */ = {
			isa = PBXFrameworksBuildPhase;
			buildActionMask = 2147483647;
			files = (
			);
			runOnlyForDeploymentPostprocessing = 0;
		};
/* End PBXFrameworksBuildPhase section */

/* Begin PBXGroup section */
		0DD633732AC5291200E4AC8C = {
			isa = PBXGroup;
			children = (
				0DD6337E2AC5291200E4AC8C /* Landmarks */,
				0DD6337D2AC5291200E4AC8C /* Products */,
			);
			sourceTree = "<group>";
		};
		0DD6337D2AC5291200E4AC8C /* Products */ = {
			isa = PBXGroup;
			children = (
				0DD6337C2AC5291200E4AC8C /* Landmarks.app */,
			);
			name = Products;
			sourceTree = "<group>";
		};
		0DD6337E2AC5291200E4AC8C /* Landmarks */ = {
			isa = PBXGroup;
			children = (
				0DD6337F2AC5291200E4AC8C /* LandmarksApp.swift */,
				0DD633812AC5291200E4AC8C /* ContentView.swift */,
				0DD633992AC53E2A00E4AC8C /* Views */,
				0DD6339A2AC53E3900E4AC8C /* Model */,
				0DD6339B2AC53E7A00E4AC8C /* Resources */,
				0DD633832AC5291200E4AC8C /* Assets.xcassets */,
				0DD633852AC5291200E4AC8C /* Preview Content */,
			);
			path = Landmarks;
			sourceTree = "<group>";
		};
		0DD633852AC5291200E4AC8C /* Preview Content */ = {
			isa = PBXGroup;
			children = (
				0DD633862AC5291200E4AC8C /* Preview Assets.xcassets */,
			);
			path = "Preview Content";
			sourceTree = "<group>";
		};
		0DD633992AC53E2A00E4AC8C /* Views */ = {
			isa = PBXGroup;
			children = (
				0DD633912AC52B6800E4AC8C /* MapView.swift */,
				0DD6338F2AC52B0600E4AC8C /* CircleImage.swift */,
				0DD6339C2AC53E9700E4AC8C /* LandmarkRow.swift */,
				0DD6339E2AC53FCB00E4AC8C /* LandmarkList.swift */,
				0DD633A02AC5407C00E4AC8C /* LandmarkDetail.swift */,
			);
			path = Views;
			sourceTree = "<group>";
		};
		0DD6339A2AC53E3900E4AC8C /* Model */ = {
			isa = PBXGroup;
			children = (
				0DD633972AC53DF700E4AC8C /* ModelData.swift */,
				0DD633952AC53D3700E4AC8C /* Landmark.swift */,
			);
			path = Model;
			sourceTree = "<group>";
		};
		0DD6339B2AC53E7A00E4AC8C /* Resources */ = {
			isa = PBXGroup;
			children = (
				0DD633932AC53D2800E4AC8C /* landmarkData.json */,
			);
			path = Resources;
			sourceTree = "<group>";
		};
/* End PBXGroup section */

/* Begin PBXNativeTarget section */
		0DD6337B2AC5291200E4AC8C /* Landmarks */ = {
			isa = PBXNativeTarget;
			buildConfigurationList = 0DD6338A2AC5291200E4AC8C /* Build configuration list for PBXNativeTarget "Landmarks" */;
			buildPhases = (
				0DD633782AC5291200E4AC8C /* Sources */,
				0DD633792AC5291200E4AC8C /* Frameworks */,
				0DD6337A2AC5291200E4AC8C /* Resources */,
			);
			buildRules = (
			);
			dependencies = (
			);
			name = Landmarks;
			productName = Landmarks;
			productReference = 0DD6337C2AC5291200E4AC8C /* Landmarks.app */;
			productType = "com.apple.product-type.application";
		};
/* End PBXNativeTarget section */

/* Begin PBXProject section */
		0DD633742AC5291200E4AC8C /* Project object */ = {
			isa = PBXProject;
			attributes = {
				BuildIndependentTargetsInParallel = 1;
				LastSwiftUpdateCheck = 1430;
				LastUpgradeCheck = 1430;
				TargetAttributes = {
					0DD6337B2AC5291200E4AC8C = {
						CreatedOnToolsVersion = 14.3.1;
					};
				};
			};
			buildConfigurationList = 0DD633772AC5291200E4AC8C /* Build configuration list for PBXProject "Landmarks" */;
			compatibilityVersion = "Xcode 14.0";
			developmentRegion = en;
			hasScannedForEncodings = 0;
			knownRegions = (
				en,
				Base,
			);
			mainGroup = 0DD633732AC5291200E4AC8C;
			productRefGroup = 0DD6337D2AC5291200E4AC8C /* Products */;
			projectDirPath = "";
			projectRoot = "";
			targets = (
				0DD6337B2AC5291200E4AC8C /* Landmarks */,
			);
		};
/* End PBXProject section */

/* Begin PBXResourcesBuildPhase section */
		0DD6337A2AC5291200E4AC8C /* Resources */ = {
			isa = PBXResourcesBuildPhase;
			buildActionMask = 2147483647;
			files = (
				0DD633872AC5291200E4AC8C /* Preview Assets.xcassets in Resources */,
				0DD633842AC5291200E4AC8C /* Assets.xcassets in Resources */,
				0DD633942AC53D2900E4AC8C /* landmarkData.json in Resources */,
			);
			runOnlyForDeploymentPostprocessing = 0;
		};
/* End PBXResourcesBuildPhase section */

/* Begin PBXSourcesBuildPhase section */
		0DD633782AC5291200E4AC8C /* Sources */ = {
			isa = PBXSourcesBuildPhase;
			buildActionMask = 2147483647;
			files = (
				0DD633822AC5291200E4AC8C /* ContentView.swift in Sources */,
				0DD633922AC52B6800E4AC8C /* MapView.swift in Sources */,
				0DD633802AC5291200E4AC8C /* LandmarksApp.swift in Sources */,
				0DD6339F2AC53FCB00E4AC8C /* LandmarkList.swift in Sources */,
				0DD633A12AC5407C00E4AC8C /* LandmarkDetail.swift in Sources */,
				0DD633902AC52B0600E4AC8C /* CircleImage.swift in Sources */,
				0DD633962AC53D3700E4AC8C /* Landmark.swift in Sources */,
				0DD6339D2AC53E9700E4AC8C /* LandmarkRow.swift in Sources */,
				0DD633982AC53DF700E4AC8C /* ModelData.swift in Sources */,
			);
			runOnlyForDeploymentPostprocessing = 0;
		};
/* End PBXSourcesBuildPhase section */

/* Begin XCBuildConfiguration section */
		0DD633882AC5291200E4AC8C /* Debug */ = {
			isa = XCBuildConfiguration;
			buildSettings = {
				ALWAYS_SEARCH_USER_PATHS = NO;
				CLANG_ANALYZER_NONNULL = YES;
				CLANG_ANALYZER_NUMBER_OBJECT_CONVERSION = YES_AGGRESSIVE;
				CLANG_CXX_LANGUAGE_STANDARD = "gnu++20";
				CLANG_ENABLE_MODULES = YES;
				CLANG_ENABLE_OBJC_ARC = YES;
				CLANG_ENABLE_OBJC_WEAK = YES;
				CLANG_WARN_BLOCK_CAPTURE_AUTORELEASING = YES;
				CLANG_WARN_BOOL_CONVERSION = YES;
				CLANG_WARN_COMMA = YES;
				CLANG_WARN_CONSTANT_CONVERSION = YES;
				CLANG_WARN_DEPRECATED_OBJC_IMPLEMENTATIONS = YES;
				CLANG_WARN_DIRECT_OBJC_ISA_USAGE = YES_ERROR;
				CLANG_WARN_DOCUMENTATION_COMMENTS = YES;
				CLANG_WARN_EMPTY_BODY = YES;
				CLANG_WARN_ENUM_CONVERSION = YES;
				CLANG_WARN_INFINITE_RECURSION = YES;
				CLANG_WARN_INT_CONVERSION = YES;
				CLANG_WARN_NON_LITERAL_NULL_CONVERSION = YES;
				CLANG_WARN_OBJC_IMPLICIT_RETAIN_SELF = YES;
				CLANG_WARN_OBJC_LITERAL_CONVERSION = YES;
				CLANG_WARN_OBJC_ROOT_CLASS = YES_ERROR;
				CLANG_WARN_QUOTED_INCLUDE_IN_FRAMEWORK_HEADER = YES;
				CLANG_WARN_RANGE_LOOP_ANALYSIS = YES;
				CLANG_WARN_STRICT_PROTOTYPES = YES;
				CLANG_WARN_SUSPICIOUS_MOVE = YES;
				CLANG_WARN_UNGUARDED_AVAILABILITY = YES_AGGRESSIVE;
				CLANG_WARN_UNREACHABLE_CODE = YES;
				CLANG_WARN__DUPLICATE_METHOD_MATCH = YES;
				COPY_PHASE_STRIP = NO;
				DEBUG_INFORMATION_FORMAT = dwarf;
				ENABLE_STRICT_OBJC_MSGSEND = YES;
				ENABLE_TESTABILITY = YES;
				GCC_C_LANGUAGE_STANDARD = gnu11;
				GCC_DYNAMIC_NO_PIC = NO;
				GCC_NO_COMMON_BLOCKS = YES;
				GCC_OPTIMIZATION_LEVEL = 0;
				GCC_PREPROCESSOR_DEFINITIONS = (
					"DEBUG=1",
					"$(inherited)",
				);
				GCC_WARN_64_TO_32_BIT_CONVERSION = YES;
				GCC_WARN_ABOUT_RETURN_TYPE = YES_ERROR;
				GCC_WARN_UNDECLARED_SELECTOR = YES;
				GCC_WARN_UNINITIALIZED_AUTOS = YES_AGGRESSIVE;
				GCC_WARN_UNUSED_FUNCTION = YES;
				GCC_WARN_UNUSED_VARIABLE = YES;
				IPHONEOS_DEPLOYMENT_TARGET = 16.4;
				MTL_ENABLE_DEBUG_INFO = INCLUDE_SOURCE;
				MTL_FAST_MATH = YES;
				ONLY_ACTIVE_ARCH = YES;
				SDKROOT = iphoneos;
				SWIFT_ACTIVE_COMPILATION_CONDITIONS = DEBUG;
				SWIFT_OPTIMIZATION_LEVEL = "-Onone";
			};
			name = Debug;
		};
		0DD633892AC5291200E4AC8C /* Release */ = {
			isa = XCBuildConfiguration;
			buildSettings = {
				ALWAYS_SEARCH_USER_PATHS = NO;
				CLANG_ANALYZER_NONNULL = YES;
				CLANG_ANALYZER_NUMBER_OBJECT_CONVERSION = YES_AGGRESSIVE;
				CLANG_CXX_LANGUAGE_STANDARD = "gnu++20";
				CLANG_ENABLE_MODULES = YES;
				CLANG_ENABLE_OBJC_ARC = YES;
				CLANG_ENABLE_OBJC_WEAK = YES;
				CLANG_WARN_BLOCK_CAPTURE_AUTORELEASING = YES;
				CLANG_WARN_BOOL_CONVERSION = YES;
				CLANG_WARN_COMMA = YES;
				CLANG_WARN_CONSTANT_CONVERSION = YES;
				CLANG_WARN_DEPRECATED_OBJC_IMPLEMENTATIONS = YES;
				CLANG_WARN_DIRECT_OBJC_ISA_USAGE = YES_ERROR;
				CLANG_WARN_DOCUMENTATION_COMMENTS = YES;
				CLANG_WARN_EMPTY_BODY = YES;
				CLANG_WARN_ENUM_CONVERSION = YES;
				CLANG_WARN_INFINITE_RECURSION = YES;
				CLANG_WARN_INT_CONVERSION = YES;
				CLANG_WARN_NON_LITERAL_NULL_CONVERSION = YES;
				CLANG_WARN_OBJC_IMPLICIT_RETAIN_SELF = YES;
				CLANG_WARN_OBJC_LITERAL_CONVERSION = YES;
				CLANG_WARN_OBJC_ROOT_CLASS = YES_ERROR;
				CLANG_WARN_QUOTED_INCLUDE_IN_FRAMEWORK_HEADER = YES;
				CLANG_WARN_RANGE_LOOP_ANALYSIS = YES;
				CLANG_WARN_STRICT_PROTOTYPES = YES;
				CLANG_WARN_SUSPICIOUS_MOVE = YES;
				CLANG_WARN_UNGUARDED_AVAILABILITY = YES_AGGRESSIVE;
				CLANG_WARN_UNREACHABLE_CODE = YES;
				CLANG_WARN__DUPLICATE_METHOD_MATCH = YES;
				COPY_PHASE_STRIP = NO;
				DEBUG_INFORMATION_FORMAT = "dwarf-with-dsym";
				ENABLE_NS_ASSERTIONS = NO;
				ENABLE_STRICT_OBJC_MSGSEND = YES;
				GCC_C_LANGUAGE_STANDARD = gnu11;
				GCC_NO_COMMON_BLOCKS = YES;
				GCC_WARN_64_TO_32_BIT_CONVERSION = YES;
				GCC_WARN_ABOUT_RETURN_TYPE = YES_ERROR;
				GCC_WARN_UNDECLARED_SELECTOR = YES;
				GCC_WARN_UNINITIALIZED_AUTOS = YES_AGGRESSIVE;
				GCC_WARN_UNUSED_FUNCTION = YES;
				GCC_WARN_UNUSED_VARIABLE = YES;
				IPHONEOS_DEPLOYMENT_TARGET = 16.4;
				MTL_ENABLE_DEBUG_INFO = NO;
				MTL_FAST_MATH = YES;
				SDKROOT = iphoneos;
				SWIFT_COMPILATION_MODE = wholemodule;
				SWIFT_OPTIMIZATION_LEVEL = "-O";
				VALIDATE_PRODUCT = YES;
			};
			name = Release;
		};
		0DD6338B2AC5291200E4AC8C /* Debug */ = {
			isa = XCBuildConfiguration;
			buildSettings = {
				ASSETCATALOG_COMPILER_APPICON_NAME = AppIcon;
				ASSETCATALOG_COMPILER_GLOBAL_ACCENT_COLOR_NAME = AccentColor;
				CODE_SIGN_STYLE = Automatic;
				CURRENT_PROJECT_VERSION = 1;
				DEVELOPMENT_ASSET_PATHS = "\"Landmarks/Preview Content\"";
				DEVELOPMENT_TEAM = 3M744A37XM;
				ENABLE_PREVIEWS = YES;
				GENERATE_INFOPLIST_FILE = YES;
				INFOPLIST_KEY_UIApplicationSceneManifest_Generation = YES;
				INFOPLIST_KEY_UIApplicationSupportsIndirectInputEvents = YES;
				INFOPLIST_KEY_UILaunchScreen_Generation = YES;
				INFOPLIST_KEY_UISupportedInterfaceOrientations_iPad = "UIInterfaceOrientationPortrait UIInterfaceOrientationPortraitUpsideDown UIInterfaceOrientationLandscapeLeft UIInterfaceOrientationLandscapeRight";
				INFOPLIST_KEY_UISupportedInterfaceOrientations_iPhone = "UIInterfaceOrientationPortrait UIInterfaceOrientationLandscapeLeft UIInterfaceOrientationLandscapeRight";
				LD_RUNPATH_SEARCH_PATHS = (
					"$(inherited)",
					"@executable_path/Frameworks",
				);
				MARKETING_VERSION = 1.0;
				PRODUCT_BUNDLE_IDENTIFIER = Test.Landmarks;
				PRODUCT_NAME = "$(TARGET_NAME)";
				SWIFT_EMIT_LOC_STRINGS = YES;
				SWIFT_VERSION = 5.0;
				TARGETED_DEVICE_FAMILY = "1,2";
			};
			name = Debug;
		};
		0DD6338C2AC5291200E4AC8C /* Release */ = {
			isa = XCBuildConfiguration;
			buildSettings = {
				ASSETCATALOG_COMPILER_APPICON_NAME = AppIcon;
				ASSETCATALOG_COMPILER_GLOBAL_ACCENT_COLOR_NAME = AccentColor;
				CODE_SIGN_STYLE = Automatic;
				CURRENT_PROJECT_VERSION = 1;
				DEVELOPMENT_ASSET_PATHS = "\"Landmarks/Preview Content\"";
				DEVELOPMENT_TEAM = 3M744A37XM;
				ENABLE_PREVIEWS = YES;
				GENERATE_INFOPLIST_FILE = YES;
				INFOPLIST_KEY_UIApplicationSceneManifest_Generation = YES;
				INFOPLIST_KEY_UIApplicationSupportsIndirectInputEvents = YES;
				INFOPLIST_KEY_UILaunchScreen_Generation = YES;
				INFOPLIST_KEY_UISupportedInterfaceOrientations_iPad = "UIInterfaceOrientationPortrait UIInterfaceOrientationPortraitUpsideDown UIInterfaceOrientationLandscapeLeft UIInterfaceOrientationLandscapeRight";
				INFOPLIST_KEY_UISupportedInterfaceOrientations_iPhone = "UIInterfaceOrientationPortrait UIInterfaceOrientationLandscapeLeft UIInterfaceOrientationLandscapeRight";
				LD_RUNPATH_SEARCH_PATHS = (
					"$(inherited)",
					"@executable_path/Frameworks",
				);
				MARKETING_VERSION = 1.0;
				PRODUCT_BUNDLE_IDENTIFIER = Test.Landmarks;
				PRODUCT_NAME = "$(TARGET_NAME)";
				SWIFT_EMIT_LOC_STRINGS = YES;
				SWIFT_VERSION = 5.0;
				TARGETED_DEVICE_FAMILY = "1,2";
			};
			name = Release;
		};
/* End XCBuildConfiguration section */

/* Begin XCConfigurationList section */
		0DD633772AC5291200E4AC8C /* Build configuration list for PBXProject "Landmarks" */ = {
			isa = XCConfigurationList;
			buildConfigurations = (
				0DD633882AC5291200E4AC8C /* Debug */,
				0DD633892AC5291200E4AC8C /* Release */,
			);
			defaultConfigurationIsVisible = 0;
			defaultConfigurationName = Release;
		};
		0DD6338A2AC5291200E4AC8C /* Build configuration list for PBXNativeTarget "Landmarks" */ = {
			isa = XCConfigurationList;
			buildConfigurations = (
				0DD6338B2AC5291200E4AC8C /* Debug */,
				0DD6338C2AC5291200E4AC8C /* Release */,
			);
			defaultConfigurationIsVisible = 0;
			defaultConfigurationName = Release;
		};
/* End XCConfigurationList section */
	};
	rootObject = 0DD633742AC5291200E4AC8C /* Project object */;
}
